// !$*UTF8*$!
{
	archiveVersion = 1;
	classes = {
	};
	objectVersion = 55;
	objects = {

/* Begin PBXBuildFile section */
		9784419528C2156B00C5BC23 /* AppDelegate.swift in Sources */ = {isa = PBXBuildFile; fileRef = 9784419428C2156B00C5BC23 /* AppDelegate.swift */; };
		9784419728C2156B00C5BC23 /* SceneDelegate.swift in Sources */ = {isa = PBXBuildFile; fileRef = 9784419628C2156B00C5BC23 /* SceneDelegate.swift */; };
		9784419928C2156B00C5BC23 /* ViewController.swift in Sources */ = {isa = PBXBuildFile; fileRef = 9784419828C2156B00C5BC23 /* ViewController.swift */; };
		9784419C28C2156B00C5BC23 /* Main.storyboard in Resources */ = {isa = PBXBuildFile; fileRef = 9784419A28C2156B00C5BC23 /* Main.storyboard */; };
		9784419E28C2156F00C5BC23 /* Assets.xcassets in Resources */ = {isa = PBXBuildFile; fileRef = 9784419D28C2156F00C5BC23 /* Assets.xcassets */; };
		978441A128C2156F00C5BC23 /* LaunchScreen.storyboard in Resources */ = {isa = PBXBuildFile; fileRef = 9784419F28C2156F00C5BC23 /* LaunchScreen.storyboard */; };
		978441A928C2163600C5BC23 /* p.json in Resources */ = {isa = PBXBuildFile; fileRef = 978441A828C2163600C5BC23 /* p.json */; };
		97E8315F28C2388E00AF610F /* Welcome.swift in Sources */ = {isa = PBXBuildFile; fileRef = 97E8315E28C2388E00AF610F /* Welcome.swift */; };
		97E8316228C23E6800AF610F /* dataTableViewCell.swift in Sources */ = {isa = PBXBuildFile; fileRef = 97E8316028C23E6800AF610F /* dataTableViewCell.swift */; };
		97E8316328C23E6800AF610F /* dataTableViewCell.xib in Resources */ = {isa = PBXBuildFile; fileRef = 97E8316128C23E6800AF610F /* dataTableViewCell.xib */; };
		97E8316528C3B55500AF610F /* infoViewController.swift in Sources */ = {isa = PBXBuildFile; fileRef = 97E8316428C3B55500AF610F /* infoViewController.swift */; };
		97E8316728C3CAFF00AF610F /* audio.mp3 in Resources */ = {isa = PBXBuildFile; fileRef = 97E8316628C3CAFF00AF610F /* audio.mp3 */; };
/* End PBXBuildFile section */

/* Begin PBXFileReference section */
		9784419128C2156B00C5BC23 /* PrayerTimeApp.app */ = {isa = PBXFileReference; explicitFileType = wrapper.application; includeInIndex = 0; path = PrayerTimeApp.app; sourceTree = BUILT_PRODUCTS_DIR; };
		9784419428C2156B00C5BC23 /* AppDelegate.swift */ = {isa = PBXFileReference; lastKnownFileType = sourcecode.swift; path = AppDelegate.swift; sourceTree = "<group>"; };
		9784419628C2156B00C5BC23 /* SceneDelegate.swift */ = {isa = PBXFileReference; lastKnownFileType = sourcecode.swift; path = SceneDelegate.swift; sourceTree = "<group>"; };
		9784419828C2156B00C5BC23 /* ViewController.swift */ = {isa = PBXFileReference; lastKnownFileType = sourcecode.swift; path = ViewController.swift; sourceTree = "<group>"; };
		9784419B28C2156B00C5BC23 /* Base */ = {isa = PBXFileReference; lastKnownFileType = file.storyboard; name = Base; path = Base.lproj/Main.storyboard; sourceTree = "<group>"; };
		9784419D28C2156F00C5BC23 /* Assets.xcassets */ = {isa = PBXFileReference; lastKnownFileType = folder.assetcatalog; path = Assets.xcassets; sourceTree = "<group>"; };
		978441A028C2156F00C5BC23 /* Base */ = {isa = PBXFileReference; lastKnownFileType = file.storyboard; name = Base; path = Base.lproj/LaunchScreen.storyboard; sourceTree = "<group>"; };
		978441A228C2156F00C5BC23 /* Info.plist */ = {isa = PBXFileReference; lastKnownFileType = text.plist.xml; path = Info.plist; sourceTree = "<group>"; };
		978441A828C2163600C5BC23 /* p.json */ = {isa = PBXFileReference; lastKnownFileType = text.json; path = p.json; sourceTree = "<group>"; };
		97E8315E28C2388E00AF610F /* Welcome.swift */ = {isa = PBXFileReference; lastKnownFileType = sourcecode.swift; path = Welcome.swift; sourceTree = "<group>"; };
		97E8316028C23E6800AF610F /* dataTableViewCell.swift */ = {isa = PBXFileReference; lastKnownFileType = sourcecode.swift; path = dataTableViewCell.swift; sourceTree = "<group>"; };
		97E8316128C23E6800AF610F /* dataTableViewCell.xib */ = {isa = PBXFileReference; lastKnownFileType = file.xib; path = dataTableViewCell.xib; sourceTree = "<group>"; };
		97E8316428C3B55500AF610F /* infoViewController.swift */ = {isa = PBXFileReference; lastKnownFileType = sourcecode.swift; path = infoViewController.swift; sourceTree = "<group>"; };
		97E8316628C3CAFF00AF610F /* audio.mp3 */ = {isa = PBXFileReference; lastKnownFileType = audio.mp3; path = audio.mp3; sourceTree = "<group>"; };
/* End PBXFileReference section */

/* Begin PBXFrameworksBuildPhase section */
		9784418E28C2156B00C5BC23 /* Frameworks */ = {
			isa = PBXFrameworksBuildPhase;
			buildActionMask = 2147483647;
			files = (
			);
			runOnlyForDeploymentPostprocessing = 0;
		};
/* End PBXFrameworksBuildPhase section */

/* Begin PBXGroup section */
		9784418828C2156B00C5BC23 = {
			isa = PBXGroup;
			children = (
				9784419328C2156B00C5BC23 /* PrayerTimeApp */,
				9784419228C2156B00C5BC23 /* Products */,
			);
			sourceTree = "<group>";
		};
		9784419228C2156B00C5BC23 /* Products */ = {
			isa = PBXGroup;
			children = (
				9784419128C2156B00C5BC23 /* PrayerTimeApp.app */,
			);
			name = Products;
			sourceTree = "<group>";
		};
		9784419328C2156B00C5BC23 /* PrayerTimeApp */ = {
			isa = PBXGroup;
			children = (
				97E8316628C3CAFF00AF610F /* audio.mp3 */,
				9784419428C2156B00C5BC23 /* AppDelegate.swift */,
				9784419628C2156B00C5BC23 /* SceneDelegate.swift */,
				9784419828C2156B00C5BC23 /* ViewController.swift */,
				97E8315E28C2388E00AF610F /* Welcome.swift */,
				9784419A28C2156B00C5BC23 /* Main.storyboard */,
				97E8316428C3B55500AF610F /* infoViewController.swift */,
				97E8316028C23E6800AF610F /* dataTableViewCell.swift */,
				97E8316128C23E6800AF610F /* dataTableViewCell.xib */,
				978441A828C2163600C5BC23 /* p.json */,
				9784419D28C2156F00C5BC23 /* Assets.xcassets */,
				9784419F28C2156F00C5BC23 /* LaunchScreen.storyboard */,
				978441A228C2156F00C5BC23 /* Info.plist */,
			);
			path = PrayerTimeApp;
			sourceTree = "<group>";
		};
/* End PBXGroup section */

/* Begin PBXNativeTarget section */
		9784419028C2156B00C5BC23 /* PrayerTimeApp */ = {
			isa = PBXNativeTarget;
			buildConfigurationList = 978441A528C2156F00C5BC23 /* Build configuration list for PBXNativeTarget "PrayerTimeApp" */;
			buildPhases = (
				9784418D28C2156B00C5BC23 /* Sources */,
				9784418E28C2156B00C5BC23 /* Frameworks */,
				9784418F28C2156B00C5BC23 /* Resources */,
			);
			buildRules = (
			);
			dependencies = (
			);
			name = PrayerTimeApp;
			productName = PrayerTimeApp;
			productReference = 9784419128C2156B00C5BC23 /* PrayerTimeApp.app */;
			productType = "com.apple.product-type.application";
		};
/* End PBXNativeTarget section */

/* Begin PBXProject section */
		9784418928C2156B00C5BC23 /* Project object */ = {
			isa = PBXProject;
			attributes = {
				BuildIndependentTargetsInParallel = 1;
				LastSwiftUpdateCheck = 1340;
				LastUpgradeCheck = 1340;
				TargetAttributes = {
					9784419028C2156B00C5BC23 = {
						CreatedOnToolsVersion = 13.4.1;
					};
				};
			};
			buildConfigurationList = 9784418C28C2156B00C5BC23 /* Build configuration list for PBXProject "PrayerTimeApp" */;
			compatibilityVersion = "Xcode 13.0";
			developmentRegion = en;
			hasScannedForEncodings = 0;
			knownRegions = (
				en,
				Base,
			);
			mainGroup = 9784418828C2156B00C5BC23;
			productRefGroup = 9784419228C2156B00C5BC23 /* Products */;
			projectDirPath = "";
			projectRoot = "";
			targets = (
				9784419028C2156B00C5BC23 /* PrayerTimeApp */,
			);
		};
/* End PBXProject section */

/* Begin PBXResourcesBuildPhase section */
		9784418F28C2156B00C5BC23 /* Resources */ = {
			isa = PBXResourcesBuildPhase;
			buildActionMask = 2147483647;
			files = (
				978441A128C2156F00C5BC23 /* LaunchScreen.storyboard in Resources */,
				97E8316728C3CAFF00AF610F /* audio.mp3 in Resources */,
				9784419E28C2156F00C5BC23 /* Assets.xcassets in Resources */,
				978441A928C2163600C5BC23 /* p.json in Resources */,
				97E8316328C23E6800AF610F /* dataTableViewCell.xib in Resources */,
				9784419C28C2156B00C5BC23 /* Main.storyboard in Resources */,
			);
			runOnlyForDeploymentPostprocessing = 0;
		};
/* End PBXResourcesBuildPhase section */

/* Begin PBXSourcesBuildPhase section */
		9784418D28C2156B00C5BC23 /* Sources */ = {
			isa = PBXSourcesBuildPhase;
			buildActionMask = 2147483647;
			files = (
				97E8316528C3B55500AF610F /* infoViewController.swift in Sources */,
				97E8315F28C2388E00AF610F /* Welcome.swift in Sources */,
				9784419928C2156B00C5BC23 /* ViewController.swift in Sources */,
				9784419528C2156B00C5BC23 /* AppDelegate.swift in Sources */,
				9784419728C2156B00C5BC23 /* SceneDelegate.swift in Sources */,
				97E8316228C23E6800AF610F /* dataTableViewCell.swift in Sources */,
			);
			runOnlyForDeploymentPostprocessing = 0;
		};
/* End PBXSourcesBuildPhase section */

/* Begin PBXVariantGroup section */
		9784419A28C2156B00C5BC23 /* Main.storyboard */ = {
			isa = PBXVariantGroup;
			children = (
				9784419B28C2156B00C5BC23 /* Base */,
			);
			name = Main.storyboard;
			sourceTree = "<group>";
		};
		9784419F28C2156F00C5BC23 /* LaunchScreen.storyboard */ = {
			isa = PBXVariantGroup;
			children = (
				978441A028C2156F00C5BC23 /* Base */,
			);
			name = LaunchScreen.storyboard;
			sourceTree = "<group>";
		};
/* End PBXVariantGroup section */

/* Begin XCBuildConfiguration section */
		978441A328C2156F00C5BC23 /* Debug */ = {
			isa = XCBuildConfiguration;
			buildSettings = {
				ALWAYS_SEARCH_USER_PATHS = NO;
				CLANG_ANALYZER_NONNULL = YES;
				CLANG_ANALYZER_NUMBER_OBJECT_CONVERSION = YES_AGGRESSIVE;
				CLANG_CXX_LANGUAGE_STANDARD = "gnu++17";
				CLANG_ENABLE_MODULES = YES;
				CLANG_ENABLE_OBJC_ARC = YES;
				CLANG_ENABLE_OBJC_WEAK = YES;
				CLANG_WARN_BLOCK_CAPTURE_AUTORELEASING = YES;
				CLANG_WARN_BOOL_CONVERSION = YES;
				CLANG_WARN_COMMA = YES;
				CLANG_WARN_CONSTANT_CONVERSION = YES;
				CLANG_WARN_DEPRECATED_OBJC_IMPLEMENTATIONS = YES;
				CLANG_WARN_DIRECT_OBJC_ISA_USAGE = YES_ERROR;
				CLANG_WARN_DOCUMENTATION_COMMENTS = YES;
				CLANG_WARN_EMPTY_BODY = YES;
				CLANG_WARN_ENUM_CONVERSION = YES;
				CLANG_WARN_INFINITE_RECURSION = YES;
				CLANG_WARN_INT_CONVERSION = YES;
				CLANG_WARN_NON_LITERAL_NULL_CONVERSION = YES;
				CLANG_WARN_OBJC_IMPLICIT_RETAIN_SELF = YES;
				CLANG_WARN_OBJC_LITERAL_CONVERSION = YES;
				CLANG_WARN_OBJC_ROOT_CLASS = YES_ERROR;
				CLANG_WARN_QUOTED_INCLUDE_IN_FRAMEWORK_HEADER = YES;
				CLANG_WARN_RANGE_LOOP_ANALYSIS = YES;
				CLANG_WARN_STRICT_PROTOTYPES = YES;
				CLANG_WARN_SUSPICIOUS_MOVE = YES;
				CLANG_WARN_UNGUARDED_AVAILABILITY = YES_AGGRESSIVE;
				CLANG_WARN_UNREACHABLE_CODE = YES;
				CLANG_WARN__DUPLICATE_METHOD_MATCH = YES;
				COPY_PHASE_STRIP = NO;
				DEBUG_INFORMATION_FORMAT = dwarf;
				ENABLE_STRICT_OBJC_MSGSEND = YES;
				ENABLE_TESTABILITY = YES;
				GCC_C_LANGUAGE_STANDARD = gnu11;
				GCC_DYNAMIC_NO_PIC = NO;
				GCC_NO_COMMON_BLOCKS = YES;
				GCC_OPTIMIZATION_LEVEL = 0;
				GCC_PREPROCESSOR_DEFINITIONS = (
					"DEBUG=1",
					"$(inherited)",
				);
				GCC_WARN_64_TO_32_BIT_CONVERSION = YES;
				GCC_WARN_ABOUT_RETURN_TYPE = YES_ERROR;
				GCC_WARN_UNDECLARED_SELECTOR = YES;
				GCC_WARN_UNINITIALIZED_AUTOS = YES_AGGRESSIVE;
				GCC_WARN_UNUSED_FUNCTION = YES;
				GCC_WARN_UNUSED_VARIABLE = YES;
				IPHONEOS_DEPLOYMENT_TARGET = 15.5;
				MTL_ENABLE_DEBUG_INFO = INCLUDE_SOURCE;
				MTL_FAST_MATH = YES;
				ONLY_ACTIVE_ARCH = YES;
				SDKROOT = iphoneos;
				SWIFT_ACTIVE_COMPILATION_CONDITIONS = DEBUG;
				SWIFT_OPTIMIZATION_LEVEL = "-Onone";
			};
			name = Debug;
		};
		978441A428C2156F00C5BC23 /* Release */ = {
			isa = XCBuildConfiguration;
			buildSettings = {
				ALWAYS_SEARCH_USER_PATHS = NO;
				CLANG_ANALYZER_NONNULL = YES;
				CLANG_ANALYZER_NUMBER_OBJECT_CONVERSION = YES_AGGRESSIVE;
				CLANG_CXX_LANGUAGE_STANDARD = "gnu++17";
				CLANG_ENABLE_MODULES = YES;
				CLANG_ENABLE_OBJC_ARC = YES;
				CLANG_ENABLE_OBJC_WEAK = YES;
				CLANG_WARN_BLOCK_CAPTURE_AUTORELEASING = YES;
				CLANG_WARN_BOOL_CONVERSION = YES;
				CLANG_WARN_COMMA = YES;
				CLANG_WARN_CONSTANT_CONVERSION = YES;
				CLANG_WARN_DEPRECATED_OBJC_IMPLEMENTATIONS = YES;
				CLANG_WARN_DIRECT_OBJC_ISA_USAGE = YES_ERROR;
				CLANG_WARN_DOCUMENTATION_COMMENTS = YES;
				CLANG_WARN_EMPTY_BODY = YES;
				CLANG_WARN_ENUM_CONVERSION = YES;
				CLANG_WARN_INFINITE_RECURSION = YES;
				CLANG_WARN_INT_CONVERSION = YES;
				CLANG_WARN_NON_LITERAL_NULL_CONVERSION = YES;
				CLANG_WARN_OBJC_IMPLICIT_RETAIN_SELF = YES;
				CLANG_WARN_OBJC_LITERAL_CONVERSION = YES;
				CLANG_WARN_OBJC_ROOT_CLASS = YES_ERROR;
				CLANG_WARN_QUOTED_INCLUDE_IN_FRAMEWORK_HEADER = YES;
				CLANG_WARN_RANGE_LOOP_ANALYSIS = YES;
				CLANG_WARN_STRICT_PROTOTYPES = YES;
				CLANG_WARN_SUSPICIOUS_MOVE = YES;
				CLANG_WARN_UNGUARDED_AVAILABILITY = YES_AGGRESSIVE;
				CLANG_WARN_UNREACHABLE_CODE = YES;
				CLANG_WARN__DUPLICATE_METHOD_MATCH = YES;
				COPY_PHASE_STRIP = NO;
				DEBUG_INFORMATION_FORMAT = "dwarf-with-dsym";
				ENABLE_NS_ASSERTIONS = NO;
				ENABLE_STRICT_OBJC_MSGSEND = YES;
				GCC_C_LANGUAGE_STANDARD = gnu11;
				GCC_NO_COMMON_BLOCKS = YES;
				GCC_WARN_64_TO_32_BIT_CONVERSION = YES;
				GCC_WARN_ABOUT_RETURN_TYPE = YES_ERROR;
				GCC_WARN_UNDECLARED_SELECTOR = YES;
				GCC_WARN_UNINITIALIZED_AUTOS = YES_AGGRESSIVE;
				GCC_WARN_UNUSED_FUNCTION = YES;
				GCC_WARN_UNUSED_VARIABLE = YES;
				IPHONEOS_DEPLOYMENT_TARGET = 15.5;
				MTL_ENABLE_DEBUG_INFO = NO;
				MTL_FAST_MATH = YES;
				SDKROOT = iphoneos;
				SWIFT_COMPILATION_MODE = wholemodule;
				SWIFT_OPTIMIZATION_LEVEL = "-O";
				VALIDATE_PRODUCT = YES;
			};
			name = Release;
		};
		978441A628C2156F00C5BC23 /* Debug */ = {
			isa = XCBuildConfiguration;
			buildSettings = {
				ASSETCATALOG_COMPILER_APPICON_NAME = AppIcon;
				ASSETCATALOG_COMPILER_GLOBAL_ACCENT_COLOR_NAME = AccentColor;
				CODE_SIGN_STYLE = Automatic;
				CURRENT_PROJECT_VERSION = 1;
				GENERATE_INFOPLIST_FILE = YES;
				INFOPLIST_FILE = PrayerTimeApp/Info.plist;
				INFOPLIST_KEY_UIApplicationSupportsIndirectInputEvents = YES;
				INFOPLIST_KEY_UILaunchStoryboardName = LaunchScreen;
				INFOPLIST_KEY_UIMainStoryboardFile = Main;
				INFOPLIST_KEY_UISupportedInterfaceOrientations_iPad = "UIInterfaceOrientationPortrait UIInterfaceOrientationPortraitUpsideDown UIInterfaceOrientationLandscapeLeft UIInterfaceOrientationLandscapeRight";
				INFOPLIST_KEY_UISupportedInterfaceOrientations_iPhone = "UIInterfaceOrientationPortrait UIInterfaceOrientationLandscapeLeft UIInterfaceOrientationLandscapeRight";
				LD_RUNPATH_SEARCH_PATHS = (
					"$(inherited)",
					"@executable_path/Frameworks",
				);
				MARKETING_VERSION = 1.0;
				PRODUCT_BUNDLE_IDENTIFIER = "-.PrayerTimeApp";
				PRODUCT_NAME = "$(TARGET_NAME)";
				SWIFT_EMIT_LOC_STRINGS = YES;
				SWIFT_VERSION = 5.0;
				TARGETED_DEVICE_FAMILY = "1,2";
			};
			name = Debug;
		};
		978441A728C2156F00C5BC23 /* Release */ = {
			isa = XCBuildConfiguration;
			buildSettings = {
				ASSETCATALOG_COMPILER_APPICON_NAME = AppIcon;
				ASSETCATALOG_COMPILER_GLOBAL_ACCENT_COLOR_NAME = AccentColor;
				CODE_SIGN_STYLE = Automatic;
				CURRENT_PROJECT_VERSION = 1;
				GENERATE_INFOPLIST_FILE = YES;
				INFOPLIST_FILE = PrayerTimeApp/Info.plist;
				INFOPLIST_KEY_UIApplicationSupportsIndirectInputEvents = YES;
				INFOPLIST_KEY_UILaunchStoryboardName = LaunchScreen;
				INFOPLIST_KEY_UIMainStoryboardFile = Main;
				INFOPLIST_KEY_UISupportedInterfaceOrientations_iPad = "UIInterfaceOrientationPortrait UIInterfaceOrientationPortraitUpsideDown UIInterfaceOrientationLandscapeLeft UIInterfaceOrientationLandscapeRight";
				INFOPLIST_KEY_UISupportedInterfaceOrientations_iPhone = "UIInterfaceOrientationPortrait UIInterfaceOrientationLandscapeLeft UIInterfaceOrientationLandscapeRight";
				LD_RUNPATH_SEARCH_PATHS = (
					"$(inherited)",
					"@executable_path/Frameworks",
				);
				MARKETING_VERSION = 1.0;
				PRODUCT_BUNDLE_IDENTIFIER = "-.PrayerTimeApp";
				PRODUCT_NAME = "$(TARGET_NAME)";
				SWIFT_EMIT_LOC_STRINGS = YES;
				SWIFT_VERSION = 5.0;
				TARGETED_DEVICE_FAMILY = "1,2";
			};
			name = Release;
		};
/* End XCBuildConfiguration section */

/* Begin XCConfigurationList section */
		9784418C28C2156B00C5BC23 /* Build configuration list for PBXProject "PrayerTimeApp" */ = {
			isa = XCConfigurationList;
			buildConfigurations = (
				978441A328C2156F00C5BC23 /* Debug */,
				978441A428C2156F00C5BC23 /* Release */,
			);
			defaultConfigurationIsVisible = 0;
			defaultConfigurationName = Release;
		};
		978441A528C2156F00C5BC23 /* Build configuration list for PBXNativeTarget "PrayerTimeApp" */ = {
			isa = XCConfigurationList;
			buildConfigurations = (
				978441A628C2156F00C5BC23 /* Debug */,
				978441A728C2156F00C5BC23 /* Release */,
			);
			defaultConfigurationIsVisible = 0;
			defaultConfigurationName = Release;
		};
/* End XCConfigurationList section */
	};
	rootObject = 9784418928C2156B00C5BC23 /* Project object */;
}
