// !$*UTF8*$!
{
	archiveVersion = 1;
	classes = {
	};
	objectVersion = 55;
	objects = {

/* Begin PBXBuildFile section */
		CEA5CA6828C3C76D00ED37C9 /* AppDelegate.swift in Sources */ = {isa = PBXBuildFile; fileRef = CEA5CA6728C3C76D00ED37C9 /* AppDelegate.swift */; };
		CEA5CA6A28C3C76D00ED37C9 /* SceneDelegate.swift in Sources */ = {isa = PBXBuildFile; fileRef = CEA5CA6928C3C76D00ED37C9 /* SceneDelegate.swift */; };
		CEA5CA6C28C3C76D00ED37C9 /* ViewController.swift in Sources */ = {isa = PBXBuildFile; fileRef = CEA5CA6B28C3C76D00ED37C9 /* ViewController.swift */; };
		CEA5CA6F28C3C76D00ED37C9 /* Main.storyboard in Resources */ = {isa = PBXBuildFile; fileRef = CEA5CA6D28C3C76D00ED37C9 /* Main.storyboard */; };
		CEA5CA7128C3C77400ED37C9 /* Assets.xcassets in Resources */ = {isa = PBXBuildFile; fileRef = CEA5CA7028C3C77400ED37C9 /* Assets.xcassets */; };
		CEA5CA7428C3C77400ED37C9 /* LaunchScreen.storyboard in Resources */ = {isa = PBXBuildFile; fileRef = CEA5CA7228C3C77400ED37C9 /* LaunchScreen.storyboard */; };
		CEA5CA7C28C3D41500ED37C9 /* EX.swift in Sources */ = {isa = PBXBuildFile; fileRef = CEA5CA7B28C3D41500ED37C9 /* EX.swift */; };
		CEA5CA7F28C3D55100ED37C9 /* TamieTVCell.swift in Sources */ = {isa = PBXBuildFile; fileRef = CEA5CA7D28C3D55100ED37C9 /* TamieTVCell.swift */; };
		CEA5CA8028C3D55100ED37C9 /* TamieTVCell.xib in Resources */ = {isa = PBXBuildFile; fileRef = CEA5CA7E28C3D55100ED37C9 /* TamieTVCell.xib */; };
		CEA5CA8228C40EE000ED37C9 /* SecondVC.swift in Sources */ = {isa = PBXBuildFile; fileRef = CEA5CA8128C40EE000ED37C9 /* SecondVC.swift */; };
/* End PBXBuildFile section */

/* Begin PBXFileReference section */
		CEA5CA6428C3C76D00ED37C9 /* PrayerTimeApp.app */ = {isa = PBXFileReference; explicitFileType = wrapper.application; includeInIndex = 0; path = PrayerTimeApp.app; sourceTree = BUILT_PRODUCTS_DIR; };
		CEA5CA6728C3C76D00ED37C9 /* AppDelegate.swift */ = {isa = PBXFileReference; lastKnownFileType = sourcecode.swift; path = AppDelegate.swift; sourceTree = "<group>"; };
		CEA5CA6928C3C76D00ED37C9 /* SceneDelegate.swift */ = {isa = PBXFileReference; lastKnownFileType = sourcecode.swift; path = SceneDelegate.swift; sourceTree = "<group>"; };
		CEA5CA6B28C3C76D00ED37C9 /* ViewController.swift */ = {isa = PBXFileReference; lastKnownFileType = sourcecode.swift; path = ViewController.swift; sourceTree = "<group>"; };
		CEA5CA6E28C3C76D00ED37C9 /* Base */ = {isa = PBXFileReference; lastKnownFileType = file.storyboard; name = Base; path = Base.lproj/Main.storyboard; sourceTree = "<group>"; };
		CEA5CA7028C3C77400ED37C9 /* Assets.xcassets */ = {isa = PBXFileReference; lastKnownFileType = folder.assetcatalog; path = Assets.xcassets; sourceTree = "<group>"; };
		CEA5CA7328C3C77400ED37C9 /* Base */ = {isa = PBXFileReference; lastKnownFileType = file.storyboard; name = Base; path = Base.lproj/LaunchScreen.storyboard; sourceTree = "<group>"; };
		CEA5CA7528C3C77400ED37C9 /* Info.plist */ = {isa = PBXFileReference; lastKnownFileType = text.plist.xml; path = Info.plist; sourceTree = "<group>"; };
		CEA5CA7B28C3D41500ED37C9 /* EX.swift */ = {isa = PBXFileReference; lastKnownFileType = sourcecode.swift; path = EX.swift; sourceTree = "<group>"; };
		CEA5CA7D28C3D55100ED37C9 /* TamieTVCell.swift */ = {isa = PBXFileReference; lastKnownFileType = sourcecode.swift; path = TamieTVCell.swift; sourceTree = "<group>"; };
		CEA5CA7E28C3D55100ED37C9 /* TamieTVCell.xib */ = {isa = PBXFileReference; lastKnownFileType = file.xib; path = TamieTVCell.xib; sourceTree = "<group>"; };
		CEA5CA8128C40EE000ED37C9 /* SecondVC.swift */ = {isa = PBXFileReference; lastKnownFileType = sourcecode.swift; path = SecondVC.swift; sourceTree = "<group>"; };
/* End PBXFileReference section */

/* Begin PBXFrameworksBuildPhase section */
		CEA5CA6128C3C76D00ED37C9 /* Frameworks */ = {
			isa = PBXFrameworksBuildPhase;
			buildActionMask = 2147483647;
			files = (
			);
			runOnlyForDeploymentPostprocessing = 0;
		};
/* End PBXFrameworksBuildPhase section */

/* Begin PBXGroup section */
		CEA5CA5B28C3C76D00ED37C9 = {
			isa = PBXGroup;
			children = (
				CEA5CA6628C3C76D00ED37C9 /* PrayerTimeApp */,
				CEA5CA6528C3C76D00ED37C9 /* Products */,
			);
			sourceTree = "<group>";
		};
		CEA5CA6528C3C76D00ED37C9 /* Products */ = {
			isa = PBXGroup;
			children = (
				CEA5CA6428C3C76D00ED37C9 /* PrayerTimeApp.app */,
			);
			name = Products;
			sourceTree = "<group>";
		};
		CEA5CA6628C3C76D00ED37C9 /* PrayerTimeApp */ = {
			isa = PBXGroup;
			children = (
				CEA5CA6728C3C76D00ED37C9 /* AppDelegate.swift */,
				CEA5CA6928C3C76D00ED37C9 /* SceneDelegate.swift */,
				CEA5CA6B28C3C76D00ED37C9 /* ViewController.swift */,
				CEA5CA6D28C3C76D00ED37C9 /* Main.storyboard */,
				CEA5CA7028C3C77400ED37C9 /* Assets.xcassets */,
				CEA5CA7228C3C77400ED37C9 /* LaunchScreen.storyboard */,
				CEA5CA7528C3C77400ED37C9 /* Info.plist */,
				CEA5CA7B28C3D41500ED37C9 /* EX.swift */,
				CEA5CA7D28C3D55100ED37C9 /* TamieTVCell.swift */,
				CEA5CA7E28C3D55100ED37C9 /* TamieTVCell.xib */,
				CEA5CA8128C40EE000ED37C9 /* SecondVC.swift */,
			);
			path = PrayerTimeApp;
			sourceTree = "<group>";
		};
/* End PBXGroup section */

/* Begin PBXNativeTarget section */
		CEA5CA6328C3C76D00ED37C9 /* PrayerTimeApp */ = {
			isa = PBXNativeTarget;
			buildConfigurationList = CEA5CA7828C3C77400ED37C9 /* Build configuration list for PBXNativeTarget "PrayerTimeApp" */;
			buildPhases = (
				CEA5CA6028C3C76D00ED37C9 /* Sources */,
				CEA5CA6128C3C76D00ED37C9 /* Frameworks */,
				CEA5CA6228C3C76D00ED37C9 /* Resources */,
			);
			buildRules = (
			);
			dependencies = (
			);
			name = PrayerTimeApp;
			productName = PrayerTimeApp;
			productReference = CEA5CA6428C3C76D00ED37C9 /* PrayerTimeApp.app */;
			productType = "com.apple.product-type.application";
		};
/* End PBXNativeTarget section */

/* Begin PBXProject section */
		CEA5CA5C28C3C76D00ED37C9 /* Project object */ = {
			isa = PBXProject;
			attributes = {
				BuildIndependentTargetsInParallel = 1;
				LastSwiftUpdateCheck = 1340;
				LastUpgradeCheck = 1340;
				TargetAttributes = {
					CEA5CA6328C3C76D00ED37C9 = {
						CreatedOnToolsVersion = 13.4.1;
					};
				};
			};
			buildConfigurationList = CEA5CA5F28C3C76D00ED37C9 /* Build configuration list for PBXProject "PrayerTimeApp" */;
			compatibilityVersion = "Xcode 13.0";
			developmentRegion = en;
			hasScannedForEncodings = 0;
			knownRegions = (
				en,
				Base,
			);
			mainGroup = CEA5CA5B28C3C76D00ED37C9;
			productRefGroup = CEA5CA6528C3C76D00ED37C9 /* Products */;
			projectDirPath = "";
			projectRoot = "";
			targets = (
				CEA5CA6328C3C76D00ED37C9 /* PrayerTimeApp */,
			);
		};
/* End PBXProject section */

/* Begin PBXResourcesBuildPhase section */
		CEA5CA6228C3C76D00ED37C9 /* Resources */ = {
			isa = PBXResourcesBuildPhase;
			buildActionMask = 2147483647;
			files = (
				CEA5CA7428C3C77400ED37C9 /* LaunchScreen.storyboard in Resources */,
				CEA5CA7128C3C77400ED37C9 /* Assets.xcassets in Resources */,
				CEA5CA8028C3D55100ED37C9 /* TamieTVCell.xib in Resources */,
				CEA5CA6F28C3C76D00ED37C9 /* Main.storyboard in Resources */,
			);
			runOnlyForDeploymentPostprocessing = 0;
		};
/* End PBXResourcesBuildPhase section */

/* Begin PBXSourcesBuildPhase section */
		CEA5CA6028C3C76D00ED37C9 /* Sources */ = {
			isa = PBXSourcesBuildPhase;
			buildActionMask = 2147483647;
			files = (
				CEA5CA7C28C3D41500ED37C9 /* EX.swift in Sources */,
				CEA5CA7F28C3D55100ED37C9 /* TamieTVCell.swift in Sources */,
				CEA5CA6C28C3C76D00ED37C9 /* ViewController.swift in Sources */,
				CEA5CA6828C3C76D00ED37C9 /* AppDelegate.swift in Sources */,
				CEA5CA8228C40EE000ED37C9 /* SecondVC.swift in Sources */,
				CEA5CA6A28C3C76D00ED37C9 /* SceneDelegate.swift in Sources */,
			);
			runOnlyForDeploymentPostprocessing = 0;
		};
/* End PBXSourcesBuildPhase section */

/* Begin PBXVariantGroup section */
		CEA5CA6D28C3C76D00ED37C9 /* Main.storyboard */ = {
			isa = PBXVariantGroup;
			children = (
				CEA5CA6E28C3C76D00ED37C9 /* Base */,
			);
			name = Main.storyboard;
			sourceTree = "<group>";
		};
		CEA5CA7228C3C77400ED37C9 /* LaunchScreen.storyboard */ = {
			isa = PBXVariantGroup;
			children = (
				CEA5CA7328C3C77400ED37C9 /* Base */,
			);
			name = LaunchScreen.storyboard;
			sourceTree = "<group>";
		};
/* End PBXVariantGroup section */

/* Begin XCBuildConfiguration section */
		CEA5CA7628C3C77400ED37C9 /* Debug */ = {
			isa = XCBuildConfiguration;
			buildSettings = {
				ALWAYS_SEARCH_USER_PATHS = NO;
				CLANG_ANALYZER_NONNULL = YES;
				CLANG_ANALYZER_NUMBER_OBJECT_CONVERSION = YES_AGGRESSIVE;
				CLANG_CXX_LANGUAGE_STANDARD = "gnu++17";
				CLANG_ENABLE_MODULES = YES;
				CLANG_ENABLE_OBJC_ARC = YES;
				CLANG_ENABLE_OBJC_WEAK = YES;
				CLANG_WARN_BLOCK_CAPTURE_AUTORELEASING = YES;
				CLANG_WARN_BOOL_CONVERSION = YES;
				CLANG_WARN_COMMA = YES;
				CLANG_WARN_CONSTANT_CONVERSION = YES;
				CLANG_WARN_DEPRECATED_OBJC_IMPLEMENTATIONS = YES;
				CLANG_WARN_DIRECT_OBJC_ISA_USAGE = YES_ERROR;
				CLANG_WARN_DOCUMENTATION_COMMENTS = YES;
				CLANG_WARN_EMPTY_BODY = YES;
				CLANG_WARN_ENUM_CONVERSION = YES;
				CLANG_WARN_INFINITE_RECURSION = YES;
				CLANG_WARN_INT_CONVERSION = YES;
				CLANG_WARN_NON_LITERAL_NULL_CONVERSION = YES;
				CLANG_WARN_OBJC_IMPLICIT_RETAIN_SELF = YES;
				CLANG_WARN_OBJC_LITERAL_CONVERSION = YES;
				CLANG_WARN_OBJC_ROOT_CLASS = YES_ERROR;
				CLANG_WARN_QUOTED_INCLUDE_IN_FRAMEWORK_HEADER = YES;
				CLANG_WARN_RANGE_LOOP_ANALYSIS = YES;
				CLANG_WARN_STRICT_PROTOTYPES = YES;
				CLANG_WARN_SUSPICIOUS_MOVE = YES;
				CLANG_WARN_UNGUARDED_AVAILABILITY = YES_AGGRESSIVE;
				CLANG_WARN_UNREACHABLE_CODE = YES;
				CLANG_WARN__DUPLICATE_METHOD_MATCH = YES;
				COPY_PHASE_STRIP = NO;
				DEBUG_INFORMATION_FORMAT = dwarf;
				ENABLE_STRICT_OBJC_MSGSEND = YES;
				ENABLE_TESTABILITY = YES;
				GCC_C_LANGUAGE_STANDARD = gnu11;
				GCC_DYNAMIC_NO_PIC = NO;
				GCC_NO_COMMON_BLOCKS = YES;
				GCC_OPTIMIZATION_LEVEL = 0;
				GCC_PREPROCESSOR_DEFINITIONS = (
					"DEBUG=1",
					"$(inherited)",
				);
				GCC_WARN_64_TO_32_BIT_CONVERSION = YES;
				GCC_WARN_ABOUT_RETURN_TYPE = YES_ERROR;
				GCC_WARN_UNDECLARED_SELECTOR = YES;
				GCC_WARN_UNINITIALIZED_AUTOS = YES_AGGRESSIVE;
				GCC_WARN_UNUSED_FUNCTION = YES;
				GCC_WARN_UNUSED_VARIABLE = YES;
				IPHONEOS_DEPLOYMENT_TARGET = 15.5;
				MTL_ENABLE_DEBUG_INFO = INCLUDE_SOURCE;
				MTL_FAST_MATH = YES;
				ONLY_ACTIVE_ARCH = YES;
				SDKROOT = iphoneos;
				SWIFT_ACTIVE_COMPILATION_CONDITIONS = DEBUG;
				SWIFT_OPTIMIZATION_LEVEL = "-Onone";
			};
			name = Debug;
		};
		CEA5CA7728C3C77400ED37C9 /* Release */ = {
			isa = XCBuildConfiguration;
			buildSettings = {
				ALWAYS_SEARCH_USER_PATHS = NO;
				CLANG_ANALYZER_NONNULL = YES;
				CLANG_ANALYZER_NUMBER_OBJECT_CONVERSION = YES_AGGRESSIVE;
				CLANG_CXX_LANGUAGE_STANDARD = "gnu++17";
				CLANG_ENABLE_MODULES = YES;
				CLANG_ENABLE_OBJC_ARC = YES;
				CLANG_ENABLE_OBJC_WEAK = YES;
				CLANG_WARN_BLOCK_CAPTURE_AUTORELEASING = YES;
				CLANG_WARN_BOOL_CONVERSION = YES;
				CLANG_WARN_COMMA = YES;
				CLANG_WARN_CONSTANT_CONVERSION = YES;
				CLANG_WARN_DEPRECATED_OBJC_IMPLEMENTATIONS = YES;
				CLANG_WARN_DIRECT_OBJC_ISA_USAGE = YES_ERROR;
				CLANG_WARN_DOCUMENTATION_COMMENTS = YES;
				CLANG_WARN_EMPTY_BODY = YES;
				CLANG_WARN_ENUM_CONVERSION = YES;
				CLANG_WARN_INFINITE_RECURSION = YES;
				CLANG_WARN_INT_CONVERSION = YES;
				CLANG_WARN_NON_LITERAL_NULL_CONVERSION = YES;
				CLANG_WARN_OBJC_IMPLICIT_RETAIN_SELF = YES;
				CLANG_WARN_OBJC_LITERAL_CONVERSION = YES;
				CLANG_WARN_OBJC_ROOT_CLASS = YES_ERROR;
				CLANG_WARN_QUOTED_INCLUDE_IN_FRAMEWORK_HEADER = YES;
				CLANG_WARN_RANGE_LOOP_ANALYSIS = YES;
				CLANG_WARN_STRICT_PROTOTYPES = YES;
				CLANG_WARN_SUSPICIOUS_MOVE = YES;
				CLANG_WARN_UNGUARDED_AVAILABILITY = YES_AGGRESSIVE;
				CLANG_WARN_UNREACHABLE_CODE = YES;
				CLANG_WARN__DUPLICATE_METHOD_MATCH = YES;
				COPY_PHASE_STRIP = NO;
				DEBUG_INFORMATION_FORMAT = "dwarf-with-dsym";
				ENABLE_NS_ASSERTIONS = NO;
				ENABLE_STRICT_OBJC_MSGSEND = YES;
				GCC_C_LANGUAGE_STANDARD = gnu11;
				GCC_NO_COMMON_BLOCKS = YES;
				GCC_WARN_64_TO_32_BIT_CONVERSION = YES;
				GCC_WARN_ABOUT_RETURN_TYPE = YES_ERROR;
				GCC_WARN_UNDECLARED_SELECTOR = YES;
				GCC_WARN_UNINITIALIZED_AUTOS = YES_AGGRESSIVE;
				GCC_WARN_UNUSED_FUNCTION = YES;
				GCC_WARN_UNUSED_VARIABLE = YES;
				IPHONEOS_DEPLOYMENT_TARGET = 15.5;
				MTL_ENABLE_DEBUG_INFO = NO;
				MTL_FAST_MATH = YES;
				SDKROOT = iphoneos;
				SWIFT_COMPILATION_MODE = wholemodule;
				SWIFT_OPTIMIZATION_LEVEL = "-O";
				VALIDATE_PRODUCT = YES;
			};
			name = Release;
		};
		CEA5CA7928C3C77400ED37C9 /* Debug */ = {
			isa = XCBuildConfiguration;
			buildSettings = {
				ASSETCATALOG_COMPILER_APPICON_NAME = AppIcon;
				ASSETCATALOG_COMPILER_GLOBAL_ACCENT_COLOR_NAME = AccentColor;
				CODE_SIGN_STYLE = Automatic;
				CURRENT_PROJECT_VERSION = 1;
				GENERATE_INFOPLIST_FILE = YES;
				INFOPLIST_FILE = PrayerTimeApp/Info.plist;
				INFOPLIST_KEY_UIApplicationSupportsIndirectInputEvents = YES;
				INFOPLIST_KEY_UILaunchStoryboardName = LaunchScreen;
				INFOPLIST_KEY_UIMainStoryboardFile = Main;
				INFOPLIST_KEY_UISupportedInterfaceOrientations_iPad = "UIInterfaceOrientationPortrait UIInterfaceOrientationPortraitUpsideDown UIInterfaceOrientationLandscapeLeft UIInterfaceOrientationLandscapeRight";
				INFOPLIST_KEY_UISupportedInterfaceOrientations_iPhone = "UIInterfaceOrientationPortrait UIInterfaceOrientationLandscapeLeft UIInterfaceOrientationLandscapeRight";
				LD_RUNPATH_SEARCH_PATHS = (
					"$(inherited)",
					"@executable_path/Frameworks",
				);
				MARKETING_VERSION = 1.0;
				PRODUCT_BUNDLE_IDENTIFIER = com.example.PrayerTimeApp;
				PRODUCT_NAME = "$(TARGET_NAME)";
				SWIFT_EMIT_LOC_STRINGS = YES;
				SWIFT_VERSION = 5.0;
				TARGETED_DEVICE_FAMILY = "1,2";
			};
			name = Debug;
		};
		CEA5CA7A28C3C77400ED37C9 /* Release */ = {
			isa = XCBuildConfiguration;
			buildSettings = {
				ASSETCATALOG_COMPILER_APPICON_NAME = AppIcon;
				ASSETCATALOG_COMPILER_GLOBAL_ACCENT_COLOR_NAME = AccentColor;
				CODE_SIGN_STYLE = Automatic;
				CURRENT_PROJECT_VERSION = 1;
				GENERATE_INFOPLIST_FILE = YES;
				INFOPLIST_FILE = PrayerTimeApp/Info.plist;
				INFOPLIST_KEY_UIApplicationSupportsIndirectInputEvents = YES;
				INFOPLIST_KEY_UILaunchStoryboardName = LaunchScreen;
				INFOPLIST_KEY_UIMainStoryboardFile = Main;
				INFOPLIST_KEY_UISupportedInterfaceOrientations_iPad = "UIInterfaceOrientationPortrait UIInterfaceOrientationPortraitUpsideDown UIInterfaceOrientationLandscapeLeft UIInterfaceOrientationLandscapeRight";
				INFOPLIST_KEY_UISupportedInterfaceOrientations_iPhone = "UIInterfaceOrientationPortrait UIInterfaceOrientationLandscapeLeft UIInterfaceOrientationLandscapeRight";
				LD_RUNPATH_SEARCH_PATHS = (
					"$(inherited)",
					"@executable_path/Frameworks",
				);
				MARKETING_VERSION = 1.0;
				PRODUCT_BUNDLE_IDENTIFIER = com.example.PrayerTimeApp;
				PRODUCT_NAME = "$(TARGET_NAME)";
				SWIFT_EMIT_LOC_STRINGS = YES;
				SWIFT_VERSION = 5.0;
				TARGETED_DEVICE_FAMILY = "1,2";
			};
			name = Release;
		};
/* End XCBuildConfiguration section */

/* Begin XCConfigurationList section */
		CEA5CA5F28C3C76D00ED37C9 /* Build configuration list for PBXProject "PrayerTimeApp" */ = {
			isa = XCConfigurationList;
			buildConfigurations = (
				CEA5CA7628C3C77400ED37C9 /* Debug */,
				CEA5CA7728C3C77400ED37C9 /* Release */,
			);
			defaultConfigurationIsVisible = 0;
			defaultConfigurationName = Release;
		};
		CEA5CA7828C3C77400ED37C9 /* Build configuration list for PBXNativeTarget "PrayerTimeApp" */ = {
			isa = XCConfigurationList;
			buildConfigurations = (
				CEA5CA7928C3C77400ED37C9 /* Debug */,
				CEA5CA7A28C3C77400ED37C9 /* Release */,
			);
			defaultConfigurationIsVisible = 0;
			defaultConfigurationName = Release;
		};
/* End XCConfigurationList section */
	};
	rootObject = CEA5CA5C28C3C76D00ED37C9 /* Project object */;
}
