// !$*UTF8*$!
{
	archiveVersion = 1;
	classes = {
	};
	objectVersion = 55;
	objects = {

/* Begin PBXBuildFile section */
		632A6E4028C258FB00B822C5 /* AppDelegate.swift in Sources */ = {isa = PBXBuildFile; fileRef = 632A6E3F28C258FB00B822C5 /* AppDelegate.swift */; };
		632A6E4228C258FB00B822C5 /* SceneDelegate.swift in Sources */ = {isa = PBXBuildFile; fileRef = 632A6E4128C258FB00B822C5 /* SceneDelegate.swift */; };
		632A6E4428C258FB00B822C5 /* ViewController.swift in Sources */ = {isa = PBXBuildFile; fileRef = 632A6E4328C258FB00B822C5 /* ViewController.swift */; };
		632A6E4728C258FB00B822C5 /* Main.storyboard in Resources */ = {isa = PBXBuildFile; fileRef = 632A6E4528C258FB00B822C5 /* Main.storyboard */; };
		632A6E4928C258FD00B822C5 /* Assets.xcassets in Resources */ = {isa = PBXBuildFile; fileRef = 632A6E4828C258FD00B822C5 /* Assets.xcassets */; };
		632A6E4C28C258FD00B822C5 /* LaunchScreen.storyboard in Resources */ = {isa = PBXBuildFile; fileRef = 632A6E4A28C258FD00B822C5 /* LaunchScreen.storyboard */; };
		632A6E5528C259A100B822C5 /* TableViewCell.swift in Sources */ = {isa = PBXBuildFile; fileRef = 632A6E5328C259A100B822C5 /* TableViewCell.swift */; };
		632A6E5628C259A100B822C5 /* TableViewCell.xib in Resources */ = {isa = PBXBuildFile; fileRef = 632A6E5428C259A100B822C5 /* TableViewCell.xib */; };
		632A6E5828C2AB3700B822C5 /* model.swift in Sources */ = {isa = PBXBuildFile; fileRef = 632A6E5728C2AB3700B822C5 /* model.swift */; };
/* End PBXBuildFile section */

/* Begin PBXFileReference section */
		632A6E3C28C258FB00B822C5 /* PrayerTimesAPI.app */ = {isa = PBXFileReference; explicitFileType = wrapper.application; includeInIndex = 0; path = PrayerTimesAPI.app; sourceTree = BUILT_PRODUCTS_DIR; };
		632A6E3F28C258FB00B822C5 /* AppDelegate.swift */ = {isa = PBXFileReference; lastKnownFileType = sourcecode.swift; path = AppDelegate.swift; sourceTree = "<group>"; };
		632A6E4128C258FB00B822C5 /* SceneDelegate.swift */ = {isa = PBXFileReference; lastKnownFileType = sourcecode.swift; path = SceneDelegate.swift; sourceTree = "<group>"; };
		632A6E4328C258FB00B822C5 /* ViewController.swift */ = {isa = PBXFileReference; lastKnownFileType = sourcecode.swift; path = ViewController.swift; sourceTree = "<group>"; };
		632A6E4628C258FB00B822C5 /* Base */ = {isa = PBXFileReference; lastKnownFileType = file.storyboard; name = Base; path = Base.lproj/Main.storyboard; sourceTree = "<group>"; };
		632A6E4828C258FD00B822C5 /* Assets.xcassets */ = {isa = PBXFileReference; lastKnownFileType = folder.assetcatalog; path = Assets.xcassets; sourceTree = "<group>"; };
		632A6E4B28C258FD00B822C5 /* Base */ = {isa = PBXFileReference; lastKnownFileType = file.storyboard; name = Base; path = Base.lproj/LaunchScreen.storyboard; sourceTree = "<group>"; };
		632A6E4D28C258FD00B822C5 /* Info.plist */ = {isa = PBXFileReference; lastKnownFileType = text.plist.xml; path = Info.plist; sourceTree = "<group>"; };
		632A6E5328C259A100B822C5 /* TableViewCell.swift */ = {isa = PBXFileReference; lastKnownFileType = sourcecode.swift; path = TableViewCell.swift; sourceTree = "<group>"; };
		632A6E5428C259A100B822C5 /* TableViewCell.xib */ = {isa = PBXFileReference; lastKnownFileType = file.xib; path = TableViewCell.xib; sourceTree = "<group>"; };
		632A6E5728C2AB3700B822C5 /* model.swift */ = {isa = PBXFileReference; lastKnownFileType = sourcecode.swift; path = model.swift; sourceTree = "<group>"; };
/* End PBXFileReference section */

/* Begin PBXFrameworksBuildPhase section */
		632A6E3928C258FB00B822C5 /* Frameworks */ = {
			isa = PBXFrameworksBuildPhase;
			buildActionMask = 2147483647;
			files = (
			);
			runOnlyForDeploymentPostprocessing = 0;
		};
/* End PBXFrameworksBuildPhase section */

/* Begin PBXGroup section */
		632A6E3328C258FB00B822C5 = {
			isa = PBXGroup;
			children = (
				632A6E3E28C258FB00B822C5 /* PrayerTimesAPI */,
				632A6E3D28C258FB00B822C5 /* Products */,
			);
			sourceTree = "<group>";
		};
		632A6E3D28C258FB00B822C5 /* Products */ = {
			isa = PBXGroup;
			children = (
				632A6E3C28C258FB00B822C5 /* PrayerTimesAPI.app */,
			);
			name = Products;
			sourceTree = "<group>";
		};
		632A6E3E28C258FB00B822C5 /* PrayerTimesAPI */ = {
			isa = PBXGroup;
			children = (
				632A6E3F28C258FB00B822C5 /* AppDelegate.swift */,
				632A6E4128C258FB00B822C5 /* SceneDelegate.swift */,
				632A6E4328C258FB00B822C5 /* ViewController.swift */,
				632A6E4528C258FB00B822C5 /* Main.storyboard */,
				632A6E4828C258FD00B822C5 /* Assets.xcassets */,
				632A6E4A28C258FD00B822C5 /* LaunchScreen.storyboard */,
				632A6E4D28C258FD00B822C5 /* Info.plist */,
				632A6E5328C259A100B822C5 /* TableViewCell.swift */,
				632A6E5428C259A100B822C5 /* TableViewCell.xib */,
				632A6E5728C2AB3700B822C5 /* model.swift */,
			);
			path = PrayerTimesAPI;
			sourceTree = "<group>";
		};
/* End PBXGroup section */

/* Begin PBXNativeTarget section */
		632A6E3B28C258FB00B822C5 /* PrayerTimesAPI */ = {
			isa = PBXNativeTarget;
			buildConfigurationList = 632A6E5028C258FD00B822C5 /* Build configuration list for PBXNativeTarget "PrayerTimesAPI" */;
			buildPhases = (
				632A6E3828C258FB00B822C5 /* Sources */,
				632A6E3928C258FB00B822C5 /* Frameworks */,
				632A6E3A28C258FB00B822C5 /* Resources */,
			);
			buildRules = (
			);
			dependencies = (
			);
			name = PrayerTimesAPI;
			productName = PrayerTimesAPI;
			productReference = 632A6E3C28C258FB00B822C5 /* PrayerTimesAPI.app */;
			productType = "com.apple.product-type.application";
		};
/* End PBXNativeTarget section */

/* Begin PBXProject section */
		632A6E3428C258FB00B822C5 /* Project object */ = {
			isa = PBXProject;
			attributes = {
				BuildIndependentTargetsInParallel = 1;
				LastSwiftUpdateCheck = 1320;
				LastUpgradeCheck = 1320;
				TargetAttributes = {
					632A6E3B28C258FB00B822C5 = {
						CreatedOnToolsVersion = 13.2.1;
					};
				};
			};
			buildConfigurationList = 632A6E3728C258FB00B822C5 /* Build configuration list for PBXProject "PrayerTimesAPI" */;
			compatibilityVersion = "Xcode 13.0";
			developmentRegion = en;
			hasScannedForEncodings = 0;
			knownRegions = (
				en,
				Base,
			);
			mainGroup = 632A6E3328C258FB00B822C5;
			productRefGroup = 632A6E3D28C258FB00B822C5 /* Products */;
			projectDirPath = "";
			projectRoot = "";
			targets = (
				632A6E3B28C258FB00B822C5 /* PrayerTimesAPI */,
			);
		};
/* End PBXProject section */

/* Begin PBXResourcesBuildPhase section */
		632A6E3A28C258FB00B822C5 /* Resources */ = {
			isa = PBXResourcesBuildPhase;
			buildActionMask = 2147483647;
			files = (
				632A6E4C28C258FD00B822C5 /* LaunchScreen.storyboard in Resources */,
				632A6E5628C259A100B822C5 /* TableViewCell.xib in Resources */,
				632A6E4928C258FD00B822C5 /* Assets.xcassets in Resources */,
				632A6E4728C258FB00B822C5 /* Main.storyboard in Resources */,
			);
			runOnlyForDeploymentPostprocessing = 0;
		};
/* End PBXResourcesBuildPhase section */

/* Begin PBXSourcesBuildPhase section */
		632A6E3828C258FB00B822C5 /* Sources */ = {
			isa = PBXSourcesBuildPhase;
			buildActionMask = 2147483647;
			files = (
				632A6E5828C2AB3700B822C5 /* model.swift in Sources */,
				632A6E4428C258FB00B822C5 /* ViewController.swift in Sources */,
				632A6E5528C259A100B822C5 /* TableViewCell.swift in Sources */,
				632A6E4028C258FB00B822C5 /* AppDelegate.swift in Sources */,
				632A6E4228C258FB00B822C5 /* SceneDelegate.swift in Sources */,
			);
			runOnlyForDeploymentPostprocessing = 0;
		};
/* End PBXSourcesBuildPhase section */

/* Begin PBXVariantGroup section */
		632A6E4528C258FB00B822C5 /* Main.storyboard */ = {
			isa = PBXVariantGroup;
			children = (
				632A6E4628C258FB00B822C5 /* Base */,
			);
			name = Main.storyboard;
			sourceTree = "<group>";
		};
		632A6E4A28C258FD00B822C5 /* LaunchScreen.storyboard */ = {
			isa = PBXVariantGroup;
			children = (
				632A6E4B28C258FD00B822C5 /* Base */,
			);
			name = LaunchScreen.storyboard;
			sourceTree = "<group>";
		};
/* End PBXVariantGroup section */

/* Begin XCBuildConfiguration section */
		632A6E4E28C258FD00B822C5 /* Debug */ = {
			isa = XCBuildConfiguration;
			buildSettings = {
				ALWAYS_SEARCH_USER_PATHS = NO;
				CLANG_ANALYZER_NONNULL = YES;
				CLANG_ANALYZER_NUMBER_OBJECT_CONVERSION = YES_AGGRESSIVE;
				CLANG_CXX_LANGUAGE_STANDARD = "gnu++17";
				CLANG_CXX_LIBRARY = "libc++";
				CLANG_ENABLE_MODULES = YES;
				CLANG_ENABLE_OBJC_ARC = YES;
				CLANG_ENABLE_OBJC_WEAK = YES;
				CLANG_WARN_BLOCK_CAPTURE_AUTORELEASING = YES;
				CLANG_WARN_BOOL_CONVERSION = YES;
				CLANG_WARN_COMMA = YES;
				CLANG_WARN_CONSTANT_CONVERSION = YES;
				CLANG_WARN_DEPRECATED_OBJC_IMPLEMENTATIONS = YES;
				CLANG_WARN_DIRECT_OBJC_ISA_USAGE = YES_ERROR;
				CLANG_WARN_DOCUMENTATION_COMMENTS = YES;
				CLANG_WARN_EMPTY_BODY = YES;
				CLANG_WARN_ENUM_CONVERSION = YES;
				CLANG_WARN_INFINITE_RECURSION = YES;
				CLANG_WARN_INT_CONVERSION = YES;
				CLANG_WARN_NON_LITERAL_NULL_CONVERSION = YES;
				CLANG_WARN_OBJC_IMPLICIT_RETAIN_SELF = YES;
				CLANG_WARN_OBJC_LITERAL_CONVERSION = YES;
				CLANG_WARN_OBJC_ROOT_CLASS = YES_ERROR;
				CLANG_WARN_QUOTED_INCLUDE_IN_FRAMEWORK_HEADER = YES;
				CLANG_WARN_RANGE_LOOP_ANALYSIS = YES;
				CLANG_WARN_STRICT_PROTOTYPES = YES;
				CLANG_WARN_SUSPICIOUS_MOVE = YES;
				CLANG_WARN_UNGUARDED_AVAILABILITY = YES_AGGRESSIVE;
				CLANG_WARN_UNREACHABLE_CODE = YES;
				CLANG_WARN__DUPLICATE_METHOD_MATCH = YES;
				COPY_PHASE_STRIP = NO;
				DEBUG_INFORMATION_FORMAT = dwarf;
				ENABLE_STRICT_OBJC_MSGSEND = YES;
				ENABLE_TESTABILITY = YES;
				GCC_C_LANGUAGE_STANDARD = gnu11;
				GCC_DYNAMIC_NO_PIC = NO;
				GCC_NO_COMMON_BLOCKS = YES;
				GCC_OPTIMIZATION_LEVEL = 0;
				GCC_PREPROCESSOR_DEFINITIONS = (
					"DEBUG=1",
					"$(inherited)",
				);
				GCC_WARN_64_TO_32_BIT_CONVERSION = YES;
				GCC_WARN_ABOUT_RETURN_TYPE = YES_ERROR;
				GCC_WARN_UNDECLARED_SELECTOR = YES;
				GCC_WARN_UNINITIALIZED_AUTOS = YES_AGGRESSIVE;
				GCC_WARN_UNUSED_FUNCTION = YES;
				GCC_WARN_UNUSED_VARIABLE = YES;
				IPHONEOS_DEPLOYMENT_TARGET = 15.2;
				MTL_ENABLE_DEBUG_INFO = INCLUDE_SOURCE;
				MTL_FAST_MATH = YES;
				ONLY_ACTIVE_ARCH = YES;
				SDKROOT = iphoneos;
				SWIFT_ACTIVE_COMPILATION_CONDITIONS = DEBUG;
				SWIFT_OPTIMIZATION_LEVEL = "-Onone";
			};
			name = Debug;
		};
		632A6E4F28C258FD00B822C5 /* Release */ = {
			isa = XCBuildConfiguration;
			buildSettings = {
				ALWAYS_SEARCH_USER_PATHS = NO;
				CLANG_ANALYZER_NONNULL = YES;
				CLANG_ANALYZER_NUMBER_OBJECT_CONVERSION = YES_AGGRESSIVE;
				CLANG_CXX_LANGUAGE_STANDARD = "gnu++17";
				CLANG_CXX_LIBRARY = "libc++";
				CLANG_ENABLE_MODULES = YES;
				CLANG_ENABLE_OBJC_ARC = YES;
				CLANG_ENABLE_OBJC_WEAK = YES;
				CLANG_WARN_BLOCK_CAPTURE_AUTORELEASING = YES;
				CLANG_WARN_BOOL_CONVERSION = YES;
				CLANG_WARN_COMMA = YES;
				CLANG_WARN_CONSTANT_CONVERSION = YES;
				CLANG_WARN_DEPRECATED_OBJC_IMPLEMENTATIONS = YES;
				CLANG_WARN_DIRECT_OBJC_ISA_USAGE = YES_ERROR;
				CLANG_WARN_DOCUMENTATION_COMMENTS = YES;
				CLANG_WARN_EMPTY_BODY = YES;
				CLANG_WARN_ENUM_CONVERSION = YES;
				CLANG_WARN_INFINITE_RECURSION = YES;
				CLANG_WARN_INT_CONVERSION = YES;
				CLANG_WARN_NON_LITERAL_NULL_CONVERSION = YES;
				CLANG_WARN_OBJC_IMPLICIT_RETAIN_SELF = YES;
				CLANG_WARN_OBJC_LITERAL_CONVERSION = YES;
				CLANG_WARN_OBJC_ROOT_CLASS = YES_ERROR;
				CLANG_WARN_QUOTED_INCLUDE_IN_FRAMEWORK_HEADER = YES;
				CLANG_WARN_RANGE_LOOP_ANALYSIS = YES;
				CLANG_WARN_STRICT_PROTOTYPES = YES;
				CLANG_WARN_SUSPICIOUS_MOVE = YES;
				CLANG_WARN_UNGUARDED_AVAILABILITY = YES_AGGRESSIVE;
				CLANG_WARN_UNREACHABLE_CODE = YES;
				CLANG_WARN__DUPLICATE_METHOD_MATCH = YES;
				COPY_PHASE_STRIP = NO;
				DEBUG_INFORMATION_FORMAT = "dwarf-with-dsym";
				ENABLE_NS_ASSERTIONS = NO;
				ENABLE_STRICT_OBJC_MSGSEND = YES;
				GCC_C_LANGUAGE_STANDARD = gnu11;
				GCC_NO_COMMON_BLOCKS = YES;
				GCC_WARN_64_TO_32_BIT_CONVERSION = YES;
				GCC_WARN_ABOUT_RETURN_TYPE = YES_ERROR;
				GCC_WARN_UNDECLARED_SELECTOR = YES;
				GCC_WARN_UNINITIALIZED_AUTOS = YES_AGGRESSIVE;
				GCC_WARN_UNUSED_FUNCTION = YES;
				GCC_WARN_UNUSED_VARIABLE = YES;
				IPHONEOS_DEPLOYMENT_TARGET = 15.2;
				MTL_ENABLE_DEBUG_INFO = NO;
				MTL_FAST_MATH = YES;
				SDKROOT = iphoneos;
				SWIFT_COMPILATION_MODE = wholemodule;
				SWIFT_OPTIMIZATION_LEVEL = "-O";
				VALIDATE_PRODUCT = YES;
			};
			name = Release;
		};
		632A6E5128C258FD00B822C5 /* Debug */ = {
			isa = XCBuildConfiguration;
			buildSettings = {
				ASSETCATALOG_COMPILER_APPICON_NAME = AppIcon;
				ASSETCATALOG_COMPILER_GLOBAL_ACCENT_COLOR_NAME = AccentColor;
				CODE_SIGN_STYLE = Automatic;
				CURRENT_PROJECT_VERSION = 1;
				DEVELOPMENT_TEAM = 745Y6A94NJ;
				GENERATE_INFOPLIST_FILE = YES;
				INFOPLIST_FILE = PrayerTimesAPI/Info.plist;
				INFOPLIST_KEY_UIApplicationSupportsIndirectInputEvents = YES;
				INFOPLIST_KEY_UILaunchStoryboardName = LaunchScreen;
				INFOPLIST_KEY_UIMainStoryboardFile = Main;
				INFOPLIST_KEY_UISupportedInterfaceOrientations_iPad = "UIInterfaceOrientationPortrait UIInterfaceOrientationPortraitUpsideDown UIInterfaceOrientationLandscapeLeft UIInterfaceOrientationLandscapeRight";
				INFOPLIST_KEY_UISupportedInterfaceOrientations_iPhone = "UIInterfaceOrientationPortrait UIInterfaceOrientationLandscapeLeft UIInterfaceOrientationLandscapeRight";
				LD_RUNPATH_SEARCH_PATHS = (
					"$(inherited)",
					"@executable_path/Frameworks",
				);
				MARKETING_VERSION = 1.0;
				PRODUCT_BUNDLE_IDENTIFIER = com.example.PrayerTimesAPI;
				PRODUCT_NAME = "$(TARGET_NAME)";
				SWIFT_EMIT_LOC_STRINGS = YES;
				SWIFT_VERSION = 5.0;
				TARGETED_DEVICE_FAMILY = "1,2";
			};
			name = Debug;
		};
		632A6E5228C258FD00B822C5 /* Release */ = {
			isa = XCBuildConfiguration;
			buildSettings = {
				ASSETCATALOG_COMPILER_APPICON_NAME = AppIcon;
				ASSETCATALOG_COMPILER_GLOBAL_ACCENT_COLOR_NAME = AccentColor;
				CODE_SIGN_STYLE = Automatic;
				CURRENT_PROJECT_VERSION = 1;
				DEVELOPMENT_TEAM = 745Y6A94NJ;
				GENERATE_INFOPLIST_FILE = YES;
				INFOPLIST_FILE = PrayerTimesAPI/Info.plist;
				INFOPLIST_KEY_UIApplicationSupportsIndirectInputEvents = YES;
				INFOPLIST_KEY_UILaunchStoryboardName = LaunchScreen;
				INFOPLIST_KEY_UIMainStoryboardFile = Main;
				INFOPLIST_KEY_UISupportedInterfaceOrientations_iPad = "UIInterfaceOrientationPortrait UIInterfaceOrientationPortraitUpsideDown UIInterfaceOrientationLandscapeLeft UIInterfaceOrientationLandscapeRight";
				INFOPLIST_KEY_UISupportedInterfaceOrientations_iPhone = "UIInterfaceOrientationPortrait UIInterfaceOrientationLandscapeLeft UIInterfaceOrientationLandscapeRight";
				LD_RUNPATH_SEARCH_PATHS = (
					"$(inherited)",
					"@executable_path/Frameworks",
				);
				MARKETING_VERSION = 1.0;
				PRODUCT_BUNDLE_IDENTIFIER = com.example.PrayerTimesAPI;
				PRODUCT_NAME = "$(TARGET_NAME)";
				SWIFT_EMIT_LOC_STRINGS = YES;
				SWIFT_VERSION = 5.0;
				TARGETED_DEVICE_FAMILY = "1,2";
			};
			name = Release;
		};
/* End XCBuildConfiguration section */

/* Begin XCConfigurationList section */
		632A6E3728C258FB00B822C5 /* Build configuration list for PBXProject "PrayerTimesAPI" */ = {
			isa = XCConfigurationList;
			buildConfigurations = (
				632A6E4E28C258FD00B822C5 /* Debug */,
				632A6E4F28C258FD00B822C5 /* Release */,
			);
			defaultConfigurationIsVisible = 0;
			defaultConfigurationName = Release;
		};
		632A6E5028C258FD00B822C5 /* Build configuration list for PBXNativeTarget "PrayerTimesAPI" */ = {
			isa = XCConfigurationList;
			buildConfigurations = (
				632A6E5128C258FD00B822C5 /* Debug */,
				632A6E5228C258FD00B822C5 /* Release */,
			);
			defaultConfigurationIsVisible = 0;
			defaultConfigurationName = Release;
		};
/* End XCConfigurationList section */
	};
	rootObject = 632A6E3428C258FB00B822C5 /* Project object */;
}
