// !$*UTF8*$!
{
	archiveVersion = 1;
	classes = {
	};
	objectVersion = 55;
	objects = {

/* Begin PBXBuildFile section */
		A5BB0C3228C253EC00590AEC /* AppDelegate.swift in Sources */ = {isa = PBXBuildFile; fileRef = A5BB0C3128C253EC00590AEC /* AppDelegate.swift */; };
		A5BB0C3428C253EC00590AEC /* SceneDelegate.swift in Sources */ = {isa = PBXBuildFile; fileRef = A5BB0C3328C253EC00590AEC /* SceneDelegate.swift */; };
		A5BB0C3628C253EC00590AEC /* ViewController.swift in Sources */ = {isa = PBXBuildFile; fileRef = A5BB0C3528C253EC00590AEC /* ViewController.swift */; };
		A5BB0C3928C253EC00590AEC /* Main.storyboard in Resources */ = {isa = PBXBuildFile; fileRef = A5BB0C3728C253EC00590AEC /* Main.storyboard */; };
		A5BB0C3C28C253EC00590AEC /* APITableView.xcdatamodeld in Sources */ = {isa = PBXBuildFile; fileRef = A5BB0C3A28C253EC00590AEC /* APITableView.xcdatamodeld */; };
		A5BB0C3E28C253EF00590AEC /* Assets.xcassets in Resources */ = {isa = PBXBuildFile; fileRef = A5BB0C3D28C253EF00590AEC /* Assets.xcassets */; };
		A5BB0C4128C253EF00590AEC /* LaunchScreen.storyboard in Resources */ = {isa = PBXBuildFile; fileRef = A5BB0C3F28C253EF00590AEC /* LaunchScreen.storyboard */; };
		A5BB0C4C28C253F000590AEC /* APITableViewTests.swift in Sources */ = {isa = PBXBuildFile; fileRef = A5BB0C4B28C253F000590AEC /* APITableViewTests.swift */; };
		A5BB0C5628C253F000590AEC /* APITableViewUITests.swift in Sources */ = {isa = PBXBuildFile; fileRef = A5BB0C5528C253F000590AEC /* APITableViewUITests.swift */; };
		A5BB0C5828C253F000590AEC /* APITableViewUITestsLaunchTests.swift in Sources */ = {isa = PBXBuildFile; fileRef = A5BB0C5728C253F000590AEC /* APITableViewUITestsLaunchTests.swift */; };
/* End PBXBuildFile section */

/* Begin PBXContainerItemProxy section */
		A5BB0C4828C253F000590AEC /* PBXContainerItemProxy */ = {
			isa = PBXContainerItemProxy;
			containerPortal = A5BB0C2628C253EC00590AEC /* Project object */;
			proxyType = 1;
			remoteGlobalIDString = A5BB0C2D28C253EC00590AEC;
			remoteInfo = APITableView;
		};
		A5BB0C5228C253F000590AEC /* PBXContainerItemProxy */ = {
			isa = PBXContainerItemProxy;
			containerPortal = A5BB0C2628C253EC00590AEC /* Project object */;
			proxyType = 1;
			remoteGlobalIDString = A5BB0C2D28C253EC00590AEC;
			remoteInfo = APITableView;
		};
/* End PBXContainerItemProxy section */

/* Begin PBXFileReference section */
		A5BB0C2E28C253EC00590AEC /* APITableView.app */ = {isa = PBXFileReference; explicitFileType = wrapper.application; includeInIndex = 0; path = APITableView.app; sourceTree = BUILT_PRODUCTS_DIR; };
		A5BB0C3128C253EC00590AEC /* AppDelegate.swift */ = {isa = PBXFileReference; lastKnownFileType = sourcecode.swift; path = AppDelegate.swift; sourceTree = "<group>"; };
		A5BB0C3328C253EC00590AEC /* SceneDelegate.swift */ = {isa = PBXFileReference; lastKnownFileType = sourcecode.swift; path = SceneDelegate.swift; sourceTree = "<group>"; };
		A5BB0C3528C253EC00590AEC /* ViewController.swift */ = {isa = PBXFileReference; lastKnownFileType = sourcecode.swift; path = ViewController.swift; sourceTree = "<group>"; };
		A5BB0C3828C253EC00590AEC /* Base */ = {isa = PBXFileReference; lastKnownFileType = file.storyboard; name = Base; path = Base.lproj/Main.storyboard; sourceTree = "<group>"; };
		A5BB0C3B28C253EC00590AEC /* APITableView.xcdatamodel */ = {isa = PBXFileReference; lastKnownFileType = wrapper.xcdatamodel; path = APITableView.xcdatamodel; sourceTree = "<group>"; };
		A5BB0C3D28C253EF00590AEC /* Assets.xcassets */ = {isa = PBXFileReference; lastKnownFileType = folder.assetcatalog; path = Assets.xcassets; sourceTree = "<group>"; };
		A5BB0C4028C253EF00590AEC /* Base */ = {isa = PBXFileReference; lastKnownFileType = file.storyboard; name = Base; path = Base.lproj/LaunchScreen.storyboard; sourceTree = "<group>"; };
		A5BB0C4228C253EF00590AEC /* Info.plist */ = {isa = PBXFileReference; lastKnownFileType = text.plist.xml; path = Info.plist; sourceTree = "<group>"; };
		A5BB0C4728C253F000590AEC /* APITableViewTests.xctest */ = {isa = PBXFileReference; explicitFileType = wrapper.cfbundle; includeInIndex = 0; path = APITableViewTests.xctest; sourceTree = BUILT_PRODUCTS_DIR; };
		A5BB0C4B28C253F000590AEC /* APITableViewTests.swift */ = {isa = PBXFileReference; lastKnownFileType = sourcecode.swift; path = APITableViewTests.swift; sourceTree = "<group>"; };
		A5BB0C5128C253F000590AEC /* APITableViewUITests.xctest */ = {isa = PBXFileReference; explicitFileType = wrapper.cfbundle; includeInIndex = 0; path = APITableViewUITests.xctest; sourceTree = BUILT_PRODUCTS_DIR; };
		A5BB0C5528C253F000590AEC /* APITableViewUITests.swift */ = {isa = PBXFileReference; lastKnownFileType = sourcecode.swift; path = APITableViewUITests.swift; sourceTree = "<group>"; };
		A5BB0C5728C253F000590AEC /* APITableViewUITestsLaunchTests.swift */ = {isa = PBXFileReference; lastKnownFileType = sourcecode.swift; path = APITableViewUITestsLaunchTests.swift; sourceTree = "<group>"; };
/* End PBXFileReference section */

/* Begin PBXFrameworksBuildPhase section */
		A5BB0C2B28C253EC00590AEC /* Frameworks */ = {
			isa = PBXFrameworksBuildPhase;
			buildActionMask = 2147483647;
			files = (
			);
			runOnlyForDeploymentPostprocessing = 0;
		};
		A5BB0C4428C253F000590AEC /* Frameworks */ = {
			isa = PBXFrameworksBuildPhase;
			buildActionMask = 2147483647;
			files = (
			);
			runOnlyForDeploymentPostprocessing = 0;
		};
		A5BB0C4E28C253F000590AEC /* Frameworks */ = {
			isa = PBXFrameworksBuildPhase;
			buildActionMask = 2147483647;
			files = (
			);
			runOnlyForDeploymentPostprocessing = 0;
		};
/* End PBXFrameworksBuildPhase section */

/* Begin PBXGroup section */
		A5BB0C2528C253EC00590AEC = {
			isa = PBXGroup;
			children = (
				A5BB0C3028C253EC00590AEC /* APITableView */,
				A5BB0C4A28C253F000590AEC /* APITableViewTests */,
				A5BB0C5428C253F000590AEC /* APITableViewUITests */,
				A5BB0C2F28C253EC00590AEC /* Products */,
			);
			sourceTree = "<group>";
		};
		A5BB0C2F28C253EC00590AEC /* Products */ = {
			isa = PBXGroup;
			children = (
				A5BB0C2E28C253EC00590AEC /* APITableView.app */,
				A5BB0C4728C253F000590AEC /* APITableViewTests.xctest */,
				A5BB0C5128C253F000590AEC /* APITableViewUITests.xctest */,
			);
			name = Products;
			sourceTree = "<group>";
		};
		A5BB0C3028C253EC00590AEC /* APITableView */ = {
			isa = PBXGroup;
			children = (
				A5BB0C3128C253EC00590AEC /* AppDelegate.swift */,
				A5BB0C3328C253EC00590AEC /* SceneDelegate.swift */,
				A5BB0C3528C253EC00590AEC /* ViewController.swift */,
				A5BB0C3728C253EC00590AEC /* Main.storyboard */,
				A5BB0C3D28C253EF00590AEC /* Assets.xcassets */,
				A5BB0C3F28C253EF00590AEC /* LaunchScreen.storyboard */,
				A5BB0C4228C253EF00590AEC /* Info.plist */,
				A5BB0C3A28C253EC00590AEC /* APITableView.xcdatamodeld */,
			);
			path = APITableView;
			sourceTree = "<group>";
		};
		A5BB0C4A28C253F000590AEC /* APITableViewTests */ = {
			isa = PBXGroup;
			children = (
				A5BB0C4B28C253F000590AEC /* APITableViewTests.swift */,
			);
			path = APITableViewTests;
			sourceTree = "<group>";
		};
		A5BB0C5428C253F000590AEC /* APITableViewUITests */ = {
			isa = PBXGroup;
			children = (
				A5BB0C5528C253F000590AEC /* APITableViewUITests.swift */,
				A5BB0C5728C253F000590AEC /* APITableViewUITestsLaunchTests.swift */,
			);
			path = APITableViewUITests;
			sourceTree = "<group>";
		};
/* End PBXGroup section */

/* Begin PBXNativeTarget section */
		A5BB0C2D28C253EC00590AEC /* APITableView */ = {
			isa = PBXNativeTarget;
			buildConfigurationList = A5BB0C5B28C253F000590AEC /* Build configuration list for PBXNativeTarget "APITableView" */;
			buildPhases = (
				A5BB0C2A28C253EC00590AEC /* Sources */,
				A5BB0C2B28C253EC00590AEC /* Frameworks */,
				A5BB0C2C28C253EC00590AEC /* Resources */,
			);
			buildRules = (
			);
			dependencies = (
			);
			name = APITableView;
			productName = APITableView;
			productReference = A5BB0C2E28C253EC00590AEC /* APITableView.app */;
			productType = "com.apple.product-type.application";
		};
		A5BB0C4628C253F000590AEC /* APITableViewTests */ = {
			isa = PBXNativeTarget;
			buildConfigurationList = A5BB0C5E28C253F000590AEC /* Build configuration list for PBXNativeTarget "APITableViewTests" */;
			buildPhases = (
				A5BB0C4328C253F000590AEC /* Sources */,
				A5BB0C4428C253F000590AEC /* Frameworks */,
				A5BB0C4528C253F000590AEC /* Resources */,
			);
			buildRules = (
			);
			dependencies = (
				A5BB0C4928C253F000590AEC /* PBXTargetDependency */,
			);
			name = APITableViewTests;
			productName = APITableViewTests;
			productReference = A5BB0C4728C253F000590AEC /* APITableViewTests.xctest */;
			productType = "com.apple.product-type.bundle.unit-test";
		};
		A5BB0C5028C253F000590AEC /* APITableViewUITests */ = {
			isa = PBXNativeTarget;
			buildConfigurationList = A5BB0C6128C253F000590AEC /* Build configuration list for PBXNativeTarget "APITableViewUITests" */;
			buildPhases = (
				A5BB0C4D28C253F000590AEC /* Sources */,
				A5BB0C4E28C253F000590AEC /* Frameworks */,
				A5BB0C4F28C253F000590AEC /* Resources */,
			);
			buildRules = (
			);
			dependencies = (
				A5BB0C5328C253F000590AEC /* PBXTargetDependency */,
			);
			name = APITableViewUITests;
			productName = APITableViewUITests;
			productReference = A5BB0C5128C253F000590AEC /* APITableViewUITests.xctest */;
			productType = "com.apple.product-type.bundle.ui-testing";
		};
/* End PBXNativeTarget section */

/* Begin PBXProject section */
		A5BB0C2628C253EC00590AEC /* Project object */ = {
			isa = PBXProject;
			attributes = {
				BuildIndependentTargetsInParallel = 1;
				LastSwiftUpdateCheck = 1340;
				LastUpgradeCheck = 1340;
				TargetAttributes = {
					A5BB0C2D28C253EC00590AEC = {
						CreatedOnToolsVersion = 13.4.1;
					};
					A5BB0C4628C253F000590AEC = {
						CreatedOnToolsVersion = 13.4.1;
						TestTargetID = A5BB0C2D28C253EC00590AEC;
					};
					A5BB0C5028C253F000590AEC = {
						CreatedOnToolsVersion = 13.4.1;
						TestTargetID = A5BB0C2D28C253EC00590AEC;
					};
				};
			};
			buildConfigurationList = A5BB0C2928C253EC00590AEC /* Build configuration list for PBXProject "APITableView" */;
			compatibilityVersion = "Xcode 13.0";
			developmentRegion = en;
			hasScannedForEncodings = 0;
			knownRegions = (
				en,
				Base,
			);
			mainGroup = A5BB0C2528C253EC00590AEC;
			productRefGroup = A5BB0C2F28C253EC00590AEC /* Products */;
			projectDirPath = "";
			projectRoot = "";
			targets = (
				A5BB0C2D28C253EC00590AEC /* APITableView */,
				A5BB0C4628C253F000590AEC /* APITableViewTests */,
				A5BB0C5028C253F000590AEC /* APITableViewUITests */,
			);
		};
/* End PBXProject section */

/* Begin PBXResourcesBuildPhase section */
		A5BB0C2C28C253EC00590AEC /* Resources */ = {
			isa = PBXResourcesBuildPhase;
			buildActionMask = 2147483647;
			files = (
				A5BB0C4128C253EF00590AEC /* LaunchScreen.storyboard in Resources */,
				A5BB0C3E28C253EF00590AEC /* Assets.xcassets in Resources */,
				A5BB0C3928C253EC00590AEC /* Main.storyboard in Resources */,
			);
			runOnlyForDeploymentPostprocessing = 0;
		};
		A5BB0C4528C253F000590AEC /* Resources */ = {
			isa = PBXResourcesBuildPhase;
			buildActionMask = 2147483647;
			files = (
			);
			runOnlyForDeploymentPostprocessing = 0;
		};
		A5BB0C4F28C253F000590AEC /* Resources */ = {
			isa = PBXResourcesBuildPhase;
			buildActionMask = 2147483647;
			files = (
			);
			runOnlyForDeploymentPostprocessing = 0;
		};
/* End PBXResourcesBuildPhase section */

/* Begin PBXSourcesBuildPhase section */
		A5BB0C2A28C253EC00590AEC /* Sources */ = {
			isa = PBXSourcesBuildPhase;
			buildActionMask = 2147483647;
			files = (
				A5BB0C3628C253EC00590AEC /* ViewController.swift in Sources */,
				A5BB0C3228C253EC00590AEC /* AppDelegate.swift in Sources */,
				A5BB0C3C28C253EC00590AEC /* APITableView.xcdatamodeld in Sources */,
				A5BB0C3428C253EC00590AEC /* SceneDelegate.swift in Sources */,
			);
			runOnlyForDeploymentPostprocessing = 0;
		};
		A5BB0C4328C253F000590AEC /* Sources */ = {
			isa = PBXSourcesBuildPhase;
			buildActionMask = 2147483647;
			files = (
				A5BB0C4C28C253F000590AEC /* APITableViewTests.swift in Sources */,
			);
			runOnlyForDeploymentPostprocessing = 0;
		};
		A5BB0C4D28C253F000590AEC /* Sources */ = {
			isa = PBXSourcesBuildPhase;
			buildActionMask = 2147483647;
			files = (
				A5BB0C5628C253F000590AEC /* APITableViewUITests.swift in Sources */,
				A5BB0C5828C253F000590AEC /* APITableViewUITestsLaunchTests.swift in Sources */,
			);
			runOnlyForDeploymentPostprocessing = 0;
		};
/* End PBXSourcesBuildPhase section */

/* Begin PBXTargetDependency section */
		A5BB0C4928C253F000590AEC /* PBXTargetDependency */ = {
			isa = PBXTargetDependency;
			target = A5BB0C2D28C253EC00590AEC /* APITableView */;
			targetProxy = A5BB0C4828C253F000590AEC /* PBXContainerItemProxy */;
		};
		A5BB0C5328C253F000590AEC /* PBXTargetDependency */ = {
			isa = PBXTargetDependency;
			target = A5BB0C2D28C253EC00590AEC /* APITableView */;
			targetProxy = A5BB0C5228C253F000590AEC /* PBXContainerItemProxy */;
		};
/* End PBXTargetDependency section */

/* Begin PBXVariantGroup section */
		A5BB0C3728C253EC00590AEC /* Main.storyboard */ = {
			isa = PBXVariantGroup;
			children = (
				A5BB0C3828C253EC00590AEC /* Base */,
			);
			name = Main.storyboard;
			sourceTree = "<group>";
		};
		A5BB0C3F28C253EF00590AEC /* LaunchScreen.storyboard */ = {
			isa = PBXVariantGroup;
			children = (
				A5BB0C4028C253EF00590AEC /* Base */,
			);
			name = LaunchScreen.storyboard;
			sourceTree = "<group>";
		};
/* End PBXVariantGroup section */

/* Begin XCBuildConfiguration section */
		A5BB0C5928C253F000590AEC /* Debug */ = {
			isa = XCBuildConfiguration;
			buildSettings = {
				ALWAYS_SEARCH_USER_PATHS = NO;
				CLANG_ANALYZER_NONNULL = YES;
				CLANG_ANALYZER_NUMBER_OBJECT_CONVERSION = YES_AGGRESSIVE;
				CLANG_CXX_LANGUAGE_STANDARD = "gnu++17";
				CLANG_ENABLE_MODULES = YES;
				CLANG_ENABLE_OBJC_ARC = YES;
				CLANG_ENABLE_OBJC_WEAK = YES;
				CLANG_WARN_BLOCK_CAPTURE_AUTORELEASING = YES;
				CLANG_WARN_BOOL_CONVERSION = YES;
				CLANG_WARN_COMMA = YES;
				CLANG_WARN_CONSTANT_CONVERSION = YES;
				CLANG_WARN_DEPRECATED_OBJC_IMPLEMENTATIONS = YES;
				CLANG_WARN_DIRECT_OBJC_ISA_USAGE = YES_ERROR;
				CLANG_WARN_DOCUMENTATION_COMMENTS = YES;
				CLANG_WARN_EMPTY_BODY = YES;
				CLANG_WARN_ENUM_CONVERSION = YES;
				CLANG_WARN_INFINITE_RECURSION = YES;
				CLANG_WARN_INT_CONVERSION = YES;
				CLANG_WARN_NON_LITERAL_NULL_CONVERSION = YES;
				CLANG_WARN_OBJC_IMPLICIT_RETAIN_SELF = YES;
				CLANG_WARN_OBJC_LITERAL_CONVERSION = YES;
				CLANG_WARN_OBJC_ROOT_CLASS = YES_ERROR;
				CLANG_WARN_QUOTED_INCLUDE_IN_FRAMEWORK_HEADER = YES;
				CLANG_WARN_RANGE_LOOP_ANALYSIS = YES;
				CLANG_WARN_STRICT_PROTOTYPES = YES;
				CLANG_WARN_SUSPICIOUS_MOVE = YES;
				CLANG_WARN_UNGUARDED_AVAILABILITY = YES_AGGRESSIVE;
				CLANG_WARN_UNREACHABLE_CODE = YES;
				CLANG_WARN__DUPLICATE_METHOD_MATCH = YES;
				COPY_PHASE_STRIP = NO;
				DEBUG_INFORMATION_FORMAT = dwarf;
				ENABLE_STRICT_OBJC_MSGSEND = YES;
				ENABLE_TESTABILITY = YES;
				GCC_C_LANGUAGE_STANDARD = gnu11;
				GCC_DYNAMIC_NO_PIC = NO;
				GCC_NO_COMMON_BLOCKS = YES;
				GCC_OPTIMIZATION_LEVEL = 0;
				GCC_PREPROCESSOR_DEFINITIONS = (
					"DEBUG=1",
					"$(inherited)",
				);
				GCC_WARN_64_TO_32_BIT_CONVERSION = YES;
				GCC_WARN_ABOUT_RETURN_TYPE = YES_ERROR;
				GCC_WARN_UNDECLARED_SELECTOR = YES;
				GCC_WARN_UNINITIALIZED_AUTOS = YES_AGGRESSIVE;
				GCC_WARN_UNUSED_FUNCTION = YES;
				GCC_WARN_UNUSED_VARIABLE = YES;
				IPHONEOS_DEPLOYMENT_TARGET = 15.5;
				MTL_ENABLE_DEBUG_INFO = INCLUDE_SOURCE;
				MTL_FAST_MATH = YES;
				ONLY_ACTIVE_ARCH = YES;
				SDKROOT = iphoneos;
				SWIFT_ACTIVE_COMPILATION_CONDITIONS = DEBUG;
				SWIFT_OPTIMIZATION_LEVEL = "-Onone";
			};
			name = Debug;
		};
		A5BB0C5A28C253F000590AEC /* Release */ = {
			isa = XCBuildConfiguration;
			buildSettings = {
				ALWAYS_SEARCH_USER_PATHS = NO;
				CLANG_ANALYZER_NONNULL = YES;
				CLANG_ANALYZER_NUMBER_OBJECT_CONVERSION = YES_AGGRESSIVE;
				CLANG_CXX_LANGUAGE_STANDARD = "gnu++17";
				CLANG_ENABLE_MODULES = YES;
				CLANG_ENABLE_OBJC_ARC = YES;
				CLANG_ENABLE_OBJC_WEAK = YES;
				CLANG_WARN_BLOCK_CAPTURE_AUTORELEASING = YES;
				CLANG_WARN_BOOL_CONVERSION = YES;
				CLANG_WARN_COMMA = YES;
				CLANG_WARN_CONSTANT_CONVERSION = YES;
				CLANG_WARN_DEPRECATED_OBJC_IMPLEMENTATIONS = YES;
				CLANG_WARN_DIRECT_OBJC_ISA_USAGE = YES_ERROR;
				CLANG_WARN_DOCUMENTATION_COMMENTS = YES;
				CLANG_WARN_EMPTY_BODY = YES;
				CLANG_WARN_ENUM_CONVERSION = YES;
				CLANG_WARN_INFINITE_RECURSION = YES;
				CLANG_WARN_INT_CONVERSION = YES;
				CLANG_WARN_NON_LITERAL_NULL_CONVERSION = YES;
				CLANG_WARN_OBJC_IMPLICIT_RETAIN_SELF = YES;
				CLANG_WARN_OBJC_LITERAL_CONVERSION = YES;
				CLANG_WARN_OBJC_ROOT_CLASS = YES_ERROR;
				CLANG_WARN_QUOTED_INCLUDE_IN_FRAMEWORK_HEADER = YES;
				CLANG_WARN_RANGE_LOOP_ANALYSIS = YES;
				CLANG_WARN_STRICT_PROTOTYPES = YES;
				CLANG_WARN_SUSPICIOUS_MOVE = YES;
				CLANG_WARN_UNGUARDED_AVAILABILITY = YES_AGGRESSIVE;
				CLANG_WARN_UNREACHABLE_CODE = YES;
				CLANG_WARN__DUPLICATE_METHOD_MATCH = YES;
				COPY_PHASE_STRIP = NO;
				DEBUG_INFORMATION_FORMAT = "dwarf-with-dsym";
				ENABLE_NS_ASSERTIONS = NO;
				ENABLE_STRICT_OBJC_MSGSEND = YES;
				GCC_C_LANGUAGE_STANDARD = gnu11;
				GCC_NO_COMMON_BLOCKS = YES;
				GCC_WARN_64_TO_32_BIT_CONVERSION = YES;
				GCC_WARN_ABOUT_RETURN_TYPE = YES_ERROR;
				GCC_WARN_UNDECLARED_SELECTOR = YES;
				GCC_WARN_UNINITIALIZED_AUTOS = YES_AGGRESSIVE;
				GCC_WARN_UNUSED_FUNCTION = YES;
				GCC_WARN_UNUSED_VARIABLE = YES;
				IPHONEOS_DEPLOYMENT_TARGET = 15.5;
				MTL_ENABLE_DEBUG_INFO = NO;
				MTL_FAST_MATH = YES;
				SDKROOT = iphoneos;
				SWIFT_COMPILATION_MODE = wholemodule;
				SWIFT_OPTIMIZATION_LEVEL = "-O";
				VALIDATE_PRODUCT = YES;
			};
			name = Release;
		};
		A5BB0C5C28C253F000590AEC /* Debug */ = {
			isa = XCBuildConfiguration;
			buildSettings = {
				ASSETCATALOG_COMPILER_APPICON_NAME = AppIcon;
				ASSETCATALOG_COMPILER_GLOBAL_ACCENT_COLOR_NAME = AccentColor;
				CODE_SIGN_STYLE = Automatic;
				CURRENT_PROJECT_VERSION = 1;
				GENERATE_INFOPLIST_FILE = YES;
				INFOPLIST_FILE = APITableView/Info.plist;
				INFOPLIST_KEY_UIApplicationSupportsIndirectInputEvents = YES;
				INFOPLIST_KEY_UILaunchStoryboardName = LaunchScreen;
				INFOPLIST_KEY_UIMainStoryboardFile = Main;
				INFOPLIST_KEY_UISupportedInterfaceOrientations_iPad = "UIInterfaceOrientationPortrait UIInterfaceOrientationPortraitUpsideDown UIInterfaceOrientationLandscapeLeft UIInterfaceOrientationLandscapeRight";
				INFOPLIST_KEY_UISupportedInterfaceOrientations_iPhone = "UIInterfaceOrientationPortrait UIInterfaceOrientationLandscapeLeft UIInterfaceOrientationLandscapeRight";
				LD_RUNPATH_SEARCH_PATHS = (
					"$(inherited)",
					"@executable_path/Frameworks",
				);
				MARKETING_VERSION = 1.0;
				PRODUCT_BUNDLE_IDENTIFIER = com.exmple.APITableView;
				PRODUCT_NAME = "$(TARGET_NAME)";
				SWIFT_EMIT_LOC_STRINGS = YES;
				SWIFT_VERSION = 5.0;
				TARGETED_DEVICE_FAMILY = "1,2";
			};
			name = Debug;
		};
		A5BB0C5D28C253F000590AEC /* Release */ = {
			isa = XCBuildConfiguration;
			buildSettings = {
				ASSETCATALOG_COMPILER_APPICON_NAME = AppIcon;
				ASSETCATALOG_COMPILER_GLOBAL_ACCENT_COLOR_NAME = AccentColor;
				CODE_SIGN_STYLE = Automatic;
				CURRENT_PROJECT_VERSION = 1;
				GENERATE_INFOPLIST_FILE = YES;
				INFOPLIST_FILE = APITableView/Info.plist;
				INFOPLIST_KEY_UIApplicationSupportsIndirectInputEvents = YES;
				INFOPLIST_KEY_UILaunchStoryboardName = LaunchScreen;
				INFOPLIST_KEY_UIMainStoryboardFile = Main;
				INFOPLIST_KEY_UISupportedInterfaceOrientations_iPad = "UIInterfaceOrientationPortrait UIInterfaceOrientationPortraitUpsideDown UIInterfaceOrientationLandscapeLeft UIInterfaceOrientationLandscapeRight";
				INFOPLIST_KEY_UISupportedInterfaceOrientations_iPhone = "UIInterfaceOrientationPortrait UIInterfaceOrientationLandscapeLeft UIInterfaceOrientationLandscapeRight";
				LD_RUNPATH_SEARCH_PATHS = (
					"$(inherited)",
					"@executable_path/Frameworks",
				);
				MARKETING_VERSION = 1.0;
				PRODUCT_BUNDLE_IDENTIFIER = com.exmple.APITableView;
				PRODUCT_NAME = "$(TARGET_NAME)";
				SWIFT_EMIT_LOC_STRINGS = YES;
				SWIFT_VERSION = 5.0;
				TARGETED_DEVICE_FAMILY = "1,2";
			};
			name = Release;
		};
		A5BB0C5F28C253F000590AEC /* Debug */ = {
			isa = XCBuildConfiguration;
			buildSettings = {
				ALWAYS_EMBED_SWIFT_STANDARD_LIBRARIES = YES;
				BUNDLE_LOADER = "$(TEST_HOST)";
				CODE_SIGN_STYLE = Automatic;
				CURRENT_PROJECT_VERSION = 1;
				GENERATE_INFOPLIST_FILE = YES;
				IPHONEOS_DEPLOYMENT_TARGET = 15.5;
				MARKETING_VERSION = 1.0;
				PRODUCT_BUNDLE_IDENTIFIER = com.exmple.APITableViewTests;
				PRODUCT_NAME = "$(TARGET_NAME)";
				SWIFT_EMIT_LOC_STRINGS = NO;
				SWIFT_VERSION = 5.0;
				TARGETED_DEVICE_FAMILY = "1,2";
				TEST_HOST = "$(BUILT_PRODUCTS_DIR)/APITableView.app/APITableView";
			};
			name = Debug;
		};
		A5BB0C6028C253F000590AEC /* Release */ = {
			isa = XCBuildConfiguration;
			buildSettings = {
				ALWAYS_EMBED_SWIFT_STANDARD_LIBRARIES = YES;
				BUNDLE_LOADER = "$(TEST_HOST)";
				CODE_SIGN_STYLE = Automatic;
				CURRENT_PROJECT_VERSION = 1;
				GENERATE_INFOPLIST_FILE = YES;
				IPHONEOS_DEPLOYMENT_TARGET = 15.5;
				MARKETING_VERSION = 1.0;
				PRODUCT_BUNDLE_IDENTIFIER = com.exmple.APITableViewTests;
				PRODUCT_NAME = "$(TARGET_NAME)";
				SWIFT_EMIT_LOC_STRINGS = NO;
				SWIFT_VERSION = 5.0;
				TARGETED_DEVICE_FAMILY = "1,2";
				TEST_HOST = "$(BUILT_PRODUCTS_DIR)/APITableView.app/APITableView";
			};
			name = Release;
		};
		A5BB0C6228C253F000590AEC /* Debug */ = {
			isa = XCBuildConfiguration;
			buildSettings = {
				ALWAYS_EMBED_SWIFT_STANDARD_LIBRARIES = YES;
				CODE_SIGN_STYLE = Automatic;
				CURRENT_PROJECT_VERSION = 1;
				GENERATE_INFOPLIST_FILE = YES;
				MARKETING_VERSION = 1.0;
				PRODUCT_BUNDLE_IDENTIFIER = com.exmple.APITableViewUITests;
				PRODUCT_NAME = "$(TARGET_NAME)";
				SWIFT_EMIT_LOC_STRINGS = NO;
				SWIFT_VERSION = 5.0;
				TARGETED_DEVICE_FAMILY = "1,2";
				TEST_TARGET_NAME = APITableView;
			};
			name = Debug;
		};
		A5BB0C6328C253F000590AEC /* Release */ = {
			isa = XCBuildConfiguration;
			buildSettings = {
				ALWAYS_EMBED_SWIFT_STANDARD_LIBRARIES = YES;
				CODE_SIGN_STYLE = Automatic;
				CURRENT_PROJECT_VERSION = 1;
				GENERATE_INFOPLIST_FILE = YES;
				MARKETING_VERSION = 1.0;
				PRODUCT_BUNDLE_IDENTIFIER = com.exmple.APITableViewUITests;
				PRODUCT_NAME = "$(TARGET_NAME)";
				SWIFT_EMIT_LOC_STRINGS = NO;
				SWIFT_VERSION = 5.0;
				TARGETED_DEVICE_FAMILY = "1,2";
				TEST_TARGET_NAME = APITableView;
			};
			name = Release;
		};
/* End XCBuildConfiguration section */

/* Begin XCConfigurationList section */
		A5BB0C2928C253EC00590AEC /* Build configuration list for PBXProject "APITableView" */ = {
			isa = XCConfigurationList;
			buildConfigurations = (
				A5BB0C5928C253F000590AEC /* Debug */,
				A5BB0C5A28C253F000590AEC /* Release */,
			);
			defaultConfigurationIsVisible = 0;
			defaultConfigurationName = Release;
		};
		A5BB0C5B28C253F000590AEC /* Build configuration list for PBXNativeTarget "APITableView" */ = {
			isa = XCConfigurationList;
			buildConfigurations = (
				A5BB0C5C28C253F000590AEC /* Debug */,
				A5BB0C5D28C253F000590AEC /* Release */,
			);
			defaultConfigurationIsVisible = 0;
			defaultConfigurationName = Release;
		};
		A5BB0C5E28C253F000590AEC /* Build configuration list for PBXNativeTarget "APITableViewTests" */ = {
			isa = XCConfigurationList;
			buildConfigurations = (
				A5BB0C5F28C253F000590AEC /* Debug */,
				A5BB0C6028C253F000590AEC /* Release */,
			);
			defaultConfigurationIsVisible = 0;
			defaultConfigurationName = Release;
		};
		A5BB0C6128C253F000590AEC /* Build configuration list for PBXNativeTarget "APITableViewUITests" */ = {
			isa = XCConfigurationList;
			buildConfigurations = (
				A5BB0C6228C253F000590AEC /* Debug */,
				A5BB0C6328C253F000590AEC /* Release */,
			);
			defaultConfigurationIsVisible = 0;
			defaultConfigurationName = Release;
		};
/* End XCConfigurationList section */

/* Begin XCVersionGroup section */
		A5BB0C3A28C253EC00590AEC /* APITableView.xcdatamodeld */ = {
			isa = XCVersionGroup;
			children = (
				A5BB0C3B28C253EC00590AEC /* APITableView.xcdatamodel */,
			);
			currentVersion = A5BB0C3B28C253EC00590AEC /* APITableView.xcdatamodel */;
			path = APITableView.xcdatamodeld;
			sourceTree = "<group>";
			versionGroupType = wrapper.xcdatamodel;
		};
/* End XCVersionGroup section */
	};
	rootObject = A5BB0C2628C253EC00590AEC /* Project object */;
}
